{
  "pins" : [
    {
      "identity" : "prynttrimmerview",
      "kind" : "remoteSourceControl",
      "location" : "https://github.com/rewardstyle/prynttrimmerview",
      "state" : {
        "branch" : "CC-505-creators-can-view-video-lengths-when-editing-in-storytelling-posts",
        "revision" : "403d36354080efeb76f64497f9504d0c26aed06c"
      }
    },
    {
      "identity" : "stevia",
      "kind" : "remoteSourceControl",
      "location" : "https://github.com/freshOS/Stevia",
      "state" : {
        "revision" : "cfb1a1d2159277bb553c3dc46f3f742c0275566d",
        "version" : "5.1.2"
      }
    }
  ],
  "version" : 2
}
