{
  "originHash" : "8912ab1292b9d3d31c7f530c0914a7736836ad6e84281ee7d65d0d49d6fe85e9",
  "pins" : [
    {
      "identity" : "prynttrimmerview",
      "kind" : "remoteSourceControl",
      "location" : "https://github.com/rewardstyle/prynttrimmerview",
      "state" : {
        "revision" : "7fd5aa8c4fe74c7e09e50b601fced68d1f3b10b9",
        "version" : "4.0.5"
      }
    },
    {
      "identity" : "stevia",
      "kind" : "remoteSourceControl",
      "location" : "https://github.com/freshOS/Stevia",
      "state" : {
        "revision" : "cfb1a1d2159277bb553c3dc46f3f742c0275566d",
        "version" : "5.1.2"
      }
    }
  ],
  "version" : 3
}
