// !$*UTF8*$!
{
	archiveVersion = 1;
	classes = {
	};
	objectVersion = 54;
	objects = {

/* Begin PBXBuildFile section */
		321E6D87240CFABC00D76CD8 /* UINavigationBar+Extensions.swift in Sources */ = {isa = PBXBuildFile; fileRef = 321E6D86240CFABC00D76CD8 /* UINavigationBar+Extensions.swift */; };
		327D7B592409510300B9C368 /* YPFonts.swift in Sources */ = {isa = PBXBuildFile; fileRef = 327D7B582409510300B9C368 /* YPFonts.swift */; };
		327D7B69240CEF2F00B9C368 /* UIBarButtonItem+Extensions.swift in Sources */ = {isa = PBXBuildFile; fileRef = 327D7B68240CEF2F00B9C368 /* UIBarButtonItem+Extensions.swift */; };
		4500082B3B62CA66D64563BC /* Pods_Example.framework in Frameworks */ = {isa = PBXBuildFile; fileRef = 8856E5E414FCD9DBEA165EA9 /* Pods_Example.framework */; };
		8458057421819B95004F241C /* YPImagePickerLocalizable.strings in Resources */ = {isa = PBXBuildFile; fileRef = 99C6D6991F1FB5C100711DB2 /* YPImagePickerLocalizable.strings */; };
		98C545282AB99E9D00A4D486 /* Stevia in Frameworks */ = {isa = PBXBuildFile; productRef = 98C545272AB99E9D00A4D486 /* Stevia */; };
		98C5452A2AB99EB200A4D486 /* PryntTrimmerView in Frameworks */ = {isa = PBXBuildFile; productRef = 98C545292AB99EB200A4D486 /* PryntTrimmerView */; };
		99019E4C2018CCD6007325C2 /* YPBottomPagerView.swift in Sources */ = {isa = PBXBuildFile; fileRef = 99019E4B2018CCD6007325C2 /* YPBottomPagerView.swift */; };
		99019E4E2018CD31007325C2 /* YPPagerMenu.swift in Sources */ = {isa = PBXBuildFile; fileRef = 99019E4D2018CD31007325C2 /* YPPagerMenu.swift */; };
		99019E512018CDED007325C2 /* YPImageSize.swift in Sources */ = {isa = PBXBuildFile; fileRef = 99019E502018CDED007325C2 /* YPImageSize.swift */; };
		99019E532018CE19007325C2 /* YPPickerScreen.swift in Sources */ = {isa = PBXBuildFile; fileRef = 99019E522018CE19007325C2 /* YPPickerScreen.swift */; };
		99019E562018D008007325C2 /* YPMenuItem.swift in Sources */ = {isa = PBXBuildFile; fileRef = 99019E552018D008007325C2 /* YPMenuItem.swift */; };
		990FD293201B3D69002A39A1 /* YPLibraryViewDelegate.swift in Sources */ = {isa = PBXBuildFile; fileRef = 990FD292201B3D69002A39A1 /* YPLibraryViewDelegate.swift */; };
		990FD295201B3E59002A39A1 /* YPDragDirection.swift in Sources */ = {isa = PBXBuildFile; fileRef = 990FD294201B3E59002A39A1 /* YPDragDirection.swift */; };
		990FD297201B4A5F002A39A1 /* PHCachingImageManager+Extensions.swift in Sources */ = {isa = PBXBuildFile; fileRef = 990FD296201B4A5F002A39A1 /* PHCachingImageManager+Extensions.swift */; };
		990FD299201B67FE002A39A1 /* PHFetchResult+Extensions.swift in Sources */ = {isa = PBXBuildFile; fileRef = 990FD298201B67FE002A39A1 /* PHFetchResult+Extensions.swift */; };
		9911FA24203C3A31000E9B06 /* UIImage+Extensions.swift in Sources */ = {isa = PBXBuildFile; fileRef = 9911FA23203C3A31000E9B06 /* UIImage+Extensions.swift */; };
		9915D9D32087E692003FC307 /* YPLibrarySelection.swift in Sources */ = {isa = PBXBuildFile; fileRef = 9915D9D22087E692003FC307 /* YPLibrarySelection.swift */; };
		99472DED2056E33700419F9E /* YPWordings.swift in Sources */ = {isa = PBXBuildFile; fileRef = 99472DEC2056E33700419F9E /* YPWordings.swift */; };
		99A3C91020319227008D7E23 /* YPCropView.swift in Sources */ = {isa = PBXBuildFile; fileRef = 99A3C90F20319227008D7E23 /* YPCropView.swift */; };
		99A3C91220319231008D7E23 /* YPCropVC.swift in Sources */ = {isa = PBXBuildFile; fileRef = 99A3C91120319231008D7E23 /* YPCropVC.swift */; };
		99B8C4C3208F8EE900127119 /* YPLoadingView.swift in Sources */ = {isa = PBXBuildFile; fileRef = 99B8C4C2208F8EE900127119 /* YPLoadingView.swift */; };
		99C6D6B91F1FB5C100711DB2 /* Assets.xcassets in Resources */ = {isa = PBXBuildFile; fileRef = 99C6D6981F1FB5C100711DB2 /* Assets.xcassets */; };
		99C6D6BB1F1FB5C100711DB2 /* YPLibraryVC.swift in Sources */ = {isa = PBXBuildFile; fileRef = 99C6D69F1F1FB5C100711DB2 /* YPLibraryVC.swift */; };
		99C6D6BC1F1FB5C100711DB2 /* YPLibraryView.swift in Sources */ = {isa = PBXBuildFile; fileRef = 99C6D6A01F1FB5C100711DB2 /* YPLibraryView.swift */; };
		99C6D6BD1F1FB5C100711DB2 /* YPLibraryView.xib in Resources */ = {isa = PBXBuildFile; fileRef = 99C6D6A11F1FB5C100711DB2 /* YPLibraryView.xib */; };
		99C6D6BE1F1FB5C100711DB2 /* YPLibraryViewCell.swift in Sources */ = {isa = PBXBuildFile; fileRef = 99C6D6A21F1FB5C100711DB2 /* YPLibraryViewCell.swift */; };
		99C6D6BF1F1FB5C100711DB2 /* YPGridView.swift in Sources */ = {isa = PBXBuildFile; fileRef = 99C6D6A31F1FB5C100711DB2 /* YPGridView.swift */; };
		99C6D6C01F1FB5C100711DB2 /* YPAssetZoomableView.swift in Sources */ = {isa = PBXBuildFile; fileRef = 99C6D6A41F1FB5C100711DB2 /* YPAssetZoomableView.swift */; };
		99C6D6C11F1FB5C100711DB2 /* YPAssetViewContainer.swift in Sources */ = {isa = PBXBuildFile; fileRef = 99C6D6A51F1FB5C100711DB2 /* YPAssetViewContainer.swift */; };
		99C6D6C21F1FB5C100711DB2 /* YPCameraVC.swift in Sources */ = {isa = PBXBuildFile; fileRef = 99C6D6A71F1FB5C100711DB2 /* YPCameraVC.swift */; };
		99C6D6C31F1FB5C100711DB2 /* YPCameraView.swift in Sources */ = {isa = PBXBuildFile; fileRef = 99C6D6A81F1FB5C100711DB2 /* YPCameraView.swift */; };
		99C6D6C91F1FB5C100711DB2 /* YPBottomPager.swift in Sources */ = {isa = PBXBuildFile; fileRef = 99C6D6AF1F1FB5C100711DB2 /* YPBottomPager.swift */; };
		99C6D6CB1F1FB5C100711DB2 /* YPHelper.swift in Sources */ = {isa = PBXBuildFile; fileRef = 99C6D6B11F1FB5C100711DB2 /* YPHelper.swift */; };
		99C6D6CC1F1FB5C100711DB2 /* YPImagePickerHeader.h in Headers */ = {isa = PBXBuildFile; fileRef = 99C6D6B21F1FB5C100711DB2 /* YPImagePickerHeader.h */; };
		99C6D6CE1F1FB5C100711DB2 /* YPPhotoSaver.swift in Sources */ = {isa = PBXBuildFile; fileRef = 99C6D6B41F1FB5C100711DB2 /* YPPhotoSaver.swift */; };
		99C6D6CF1F1FB5C100711DB2 /* YPPickerVC.swift in Sources */ = {isa = PBXBuildFile; fileRef = 99C6D6B51F1FB5C100711DB2 /* YPPickerVC.swift */; };
		99C6D6D01F1FB5C100711DB2 /* YPVideoCaptureVC.swift in Sources */ = {isa = PBXBuildFile; fileRef = 99C6D6B71F1FB5C100711DB2 /* YPVideoCaptureVC.swift */; };
		99C6D6D11F1FB5C100711DB2 /* YPImagePicker.swift in Sources */ = {isa = PBXBuildFile; fileRef = 99C6D6B81F1FB5C100711DB2 /* YPImagePicker.swift */; };
		99CD962720D179FD009F5084 /* YPSelectionsGalleryView.swift in Sources */ = {isa = PBXBuildFile; fileRef = 99CD962620D179FD009F5084 /* YPSelectionsGalleryView.swift */; };
		99CF6D1B201B6A5C00487F77 /* UICollectionView+Extensions.swift in Sources */ = {isa = PBXBuildFile; fileRef = 99CF6D1A201B6A5C00487F77 /* UICollectionView+Extensions.swift */; };
		99CF6D1D201B6ABA00487F77 /* IndexSet+Extensions.swift in Sources */ = {isa = PBXBuildFile; fileRef = 99CF6D1C201B6ABA00487F77 /* IndexSet+Extensions.swift */; };
		99CF6D1F201B6B9E00487F77 /* CGRect+Extensions.swift in Sources */ = {isa = PBXBuildFile; fileRef = 99CF6D1E201B6B9E00487F77 /* CGRect+Extensions.swift */; };
		99CF6D21201B70A000487F77 /* YPLibraryVC+CollectionView.swift in Sources */ = {isa = PBXBuildFile; fileRef = 99CF6D20201B70A000487F77 /* YPLibraryVC+CollectionView.swift */; };
		99CF6D23201B71DC00487F77 /* YPLibrary+LibraryChange.swift in Sources */ = {isa = PBXBuildFile; fileRef = 99CF6D22201B71DC00487F77 /* YPLibrary+LibraryChange.swift */; };
		99CF6D25201B727900487F77 /* YPLibraryVC+PanGesture.swift in Sources */ = {isa = PBXBuildFile; fileRef = 99CF6D24201B727900487F77 /* YPLibraryVC+PanGesture.swift */; };
		99CF6D27201B739600487F77 /* YPAlerts.swift in Sources */ = {isa = PBXBuildFile; fileRef = 99CF6D26201B739600487F77 /* YPAlerts.swift */; };
		99CF6D29201B900400487F77 /* LibraryMediaManager.swift in Sources */ = {isa = PBXBuildFile; fileRef = 99CF6D28201B900400487F77 /* LibraryMediaManager.swift */; };
		99CF6D2B201CB96700487F77 /* YPVideoCaptureHelper.swift in Sources */ = {isa = PBXBuildFile; fileRef = 99CF6D2A201CB96700487F77 /* YPVideoCaptureHelper.swift */; };
		99D1DC2B1F9788930047F0E0 /* YPImagePickerConfiguration.swift in Sources */ = {isa = PBXBuildFile; fileRef = 99D1DC2A1F9788930047F0E0 /* YPImagePickerConfiguration.swift */; };
		AA69BCF222E601D100FBB925 /* YPDeviceOrientationHelper.swift in Sources */ = {isa = PBXBuildFile; fileRef = AA69BCF122E601D100FBB925 /* YPDeviceOrientationHelper.swift */; };
		EB05F6E7214A7191002040AA /* YPVideoProcessor.swift in Sources */ = {isa = PBXBuildFile; fileRef = EB05F6E6214A7191002040AA /* YPVideoProcessor.swift */; };
		EB1AB2EA20AC1DED00BFA79F /* CGFloat+Extensions.swift in Sources */ = {isa = PBXBuildFile; fileRef = EB1AB2E920AC1DED00BFA79F /* CGFloat+Extensions.swift */; };
		EB473E17208E192800D16105 /* URL+Extensions.swift in Sources */ = {isa = PBXBuildFile; fileRef = EB473E16208E192800D16105 /* URL+Extensions.swift */; };
		EB473E19208E198E00D16105 /* AVFileType+Extensions.swift in Sources */ = {isa = PBXBuildFile; fileRef = EB473E18208E198E00D16105 /* AVFileType+Extensions.swift */; };
		EB473E1B208E1B7400D16105 /* NSFileManager+Extensions.swift in Sources */ = {isa = PBXBuildFile; fileRef = EB473E1A208E1B7400D16105 /* NSFileManager+Extensions.swift */; };
		EB473E1D208E1B9E00D16105 /* AVAsset+Extensions.swift in Sources */ = {isa = PBXBuildFile; fileRef = EB473E1C208E1B9E00D16105 /* AVAsset+Extensions.swift */; };
		EB473E1F208E1BCC00D16105 /* AVMutableComposition+Extensions.swift in Sources */ = {isa = PBXBuildFile; fileRef = EB473E1E208E1BCC00D16105 /* AVMutableComposition+Extensions.swift */; };
		EB473E21208E1BF400D16105 /* YPTrimError.swift in Sources */ = {isa = PBXBuildFile; fileRef = EB473E20208E1BF400D16105 /* YPTrimError.swift */; };
		EB473E23208E1DB000D16105 /* AVPlayer+Extensions.swift in Sources */ = {isa = PBXBuildFile; fileRef = EB473E22208E1DB000D16105 /* AVPlayer+Extensions.swift */; };
		EB473E25208E1DCA00D16105 /* AVCaptureSession+Extensions.swift in Sources */ = {isa = PBXBuildFile; fileRef = EB473E24208E1DCA00D16105 /* AVCaptureSession+Extensions.swift */; };
		EB473E2B208E1ECB00D16105 /* AVCaptureDevice+Extensions.swift in Sources */ = {isa = PBXBuildFile; fileRef = EB473E2A208E1ECB00D16105 /* AVCaptureDevice+Extensions.swift */; };
		EB584BFB207B870F00265B38 /* YPSelectionsGalleryVC.swift in Sources */ = {isa = PBXBuildFile; fileRef = EB584BF9207B870F00265B38 /* YPSelectionsGalleryVC.swift */; };
		EB584BFF207B883A00265B38 /* YPSelectionsGalleryCell.swift in Sources */ = {isa = PBXBuildFile; fileRef = EB584BFD207B883A00265B38 /* YPSelectionsGalleryCell.swift */; };
		EB584C03207B990200265B38 /* AVFoundation+Extensions.swift in Sources */ = {isa = PBXBuildFile; fileRef = EB584C02207B990200265B38 /* AVFoundation+Extensions.swift */; };
		EB59F452208766B800811B7B /* YPVideoFiltersVC.swift in Sources */ = {isa = PBXBuildFile; fileRef = EB59F450208766B800811B7B /* YPVideoFiltersVC.swift */; };
		EB5B07C4209146F00099C1FA /* UIButton+Extensions.swift in Sources */ = {isa = PBXBuildFile; fileRef = EB5B07C3209146F00099C1FA /* UIButton+Extensions.swift */; };
		EB867BCF209134F100332A54 /* UIColor+Extensions.swift in Sources */ = {isa = PBXBuildFile; fileRef = EB867BCE209134F100332A54 /* UIColor+Extensions.swift */; };
		EB94F28E208E3A140049F523 /* YPLoaders.swift in Sources */ = {isa = PBXBuildFile; fileRef = EB94F28D208E3A140049F523 /* YPLoaders.swift */; };
		EBA37AF926F7300C005DAAD4 /* YPPermissionCheckable.swift in Sources */ = {isa = PBXBuildFile; fileRef = EBA37AF626F7300C005DAAD4 /* YPPermissionCheckable.swift */; };
		EBA37AFA26F7300C005DAAD4 /* YPPermissionManager.swift in Sources */ = {isa = PBXBuildFile; fileRef = EBA37AF726F7300C005DAAD4 /* YPPermissionManager.swift */; };
		EBA37AFB26F7300C005DAAD4 /* YPPermissionDeniedPopup.swift in Sources */ = {isa = PBXBuildFile; fileRef = EBA37AF826F7300C005DAAD4 /* YPPermissionDeniedPopup.swift */; };
		EBA37AFF26F7302B005DAAD4 /* YPLog.swift in Sources */ = {isa = PBXBuildFile; fileRef = EBA37AFC26F7302B005DAAD4 /* YPLog.swift */; };
		EBA37B0026F7302B005DAAD4 /* YPFlashMode.swift in Sources */ = {isa = PBXBuildFile; fileRef = EBA37AFD26F7302B005DAAD4 /* YPFlashMode.swift */; };
		EBA37B0126F7302B005DAAD4 /* YPError.swift in Sources */ = {isa = PBXBuildFile; fileRef = EBA37AFE26F7302B005DAAD4 /* YPError.swift */; };
		EBA37B0326F7304E005DAAD4 /* YPPhotoCaptureHelper.swift in Sources */ = {isa = PBXBuildFile; fileRef = EBA37B0226F7304E005DAAD4 /* YPPhotoCaptureHelper.swift */; };
		EBA37B0926F73080005DAAD4 /* YPAlbum.swift in Sources */ = {isa = PBXBuildFile; fileRef = EBA37B0426F73080005DAAD4 /* YPAlbum.swift */; };
		EBA37B0A26F73080005DAAD4 /* YPAlbumVC.swift in Sources */ = {isa = PBXBuildFile; fileRef = EBA37B0526F73080005DAAD4 /* YPAlbumVC.swift */; };
		EBA37B0B26F73080005DAAD4 /* YPAlbumCell.swift in Sources */ = {isa = PBXBuildFile; fileRef = EBA37B0626F73080005DAAD4 /* YPAlbumCell.swift */; };
		EBA37B0C26F73080005DAAD4 /* YPAlbumsManager.swift in Sources */ = {isa = PBXBuildFile; fileRef = EBA37B0726F73080005DAAD4 /* YPAlbumsManager.swift */; };
		EBA37B0D26F73080005DAAD4 /* YPAlbumView.swift in Sources */ = {isa = PBXBuildFile; fileRef = EBA37B0826F73080005DAAD4 /* YPAlbumView.swift */; };
		EBA37B3026F74228005DAAD4 /* (null) in Embed Frameworks */ = {isa = PBXBuildFile; settings = {ATTRIBUTES = (CodeSignOnCopy, RemoveHeadersOnCopy, ); }; };
		EBA37B5226F749C6005DAAD4 /* AppDelegate.swift in Sources */ = {isa = PBXBuildFile; fileRef = EBA37B5126F749C6005DAAD4 /* AppDelegate.swift */; };
		EBA37B5B26F749C7005DAAD4 /* Assets.xcassets in Resources */ = {isa = PBXBuildFile; fileRef = EBA37B5A26F749C7005DAAD4 /* Assets.xcassets */; };
		EBA37B5E26F749C7005DAAD4 /* LaunchScreen.storyboard in Resources */ = {isa = PBXBuildFile; fileRef = EBA37B5C26F749C7005DAAD4 /* LaunchScreen.storyboard */; };
		EBA37B6326F74A7F005DAAD4 /* ExampleViewController.swift in Sources */ = {isa = PBXBuildFile; fileRef = EBA37B3826F7493A005DAAD4 /* ExampleViewController.swift */; };
		EBA37B6426F74C9A005DAAD4 /* YPImagePicker.swift in Sources */ = {isa = PBXBuildFile; fileRef = 99C6D6B81F1FB5C100711DB2 /* YPImagePicker.swift */; };
		EBA37B6526F74C9A005DAAD4 /* YPPickerVC.swift in Sources */ = {isa = PBXBuildFile; fileRef = 99C6D6B51F1FB5C100711DB2 /* YPPickerVC.swift */; };
		EBA37B6626F74CBA005DAAD4 /* YPLoadingView.swift in Sources */ = {isa = PBXBuildFile; fileRef = 99B8C4C2208F8EE900127119 /* YPLoadingView.swift */; };
		EBA37B6726F74CBA005DAAD4 /* YPFonts.swift in Sources */ = {isa = PBXBuildFile; fileRef = 327D7B582409510300B9C368 /* YPFonts.swift */; };
		EBA37B6826F74CBA005DAAD4 /* LibraryMediaManager.swift in Sources */ = {isa = PBXBuildFile; fileRef = 99CF6D28201B900400487F77 /* LibraryMediaManager.swift */; };
		EBA37B6926F74CBA005DAAD4 /* UIBarButtonItem+Extensions.swift in Sources */ = {isa = PBXBuildFile; fileRef = 327D7B68240CEF2F00B9C368 /* UIBarButtonItem+Extensions.swift */; };
		EBA37B6A26F74CBA005DAAD4 /* UIColor+Extensions.swift in Sources */ = {isa = PBXBuildFile; fileRef = EB867BCE209134F100332A54 /* UIColor+Extensions.swift */; };
		EBA37B6B26F74CBA005DAAD4 /* CGRect+Extensions.swift in Sources */ = {isa = PBXBuildFile; fileRef = 99CF6D1E201B6B9E00487F77 /* CGRect+Extensions.swift */; };
		EBA37B6C26F74CBA005DAAD4 /* YPAlbumsManager.swift in Sources */ = {isa = PBXBuildFile; fileRef = EBA37B0726F73080005DAAD4 /* YPAlbumsManager.swift */; };
		EBA37B6D26F74CBA005DAAD4 /* YPLibrary+LibraryChange.swift in Sources */ = {isa = PBXBuildFile; fileRef = 99CF6D22201B71DC00487F77 /* YPLibrary+LibraryChange.swift */; };
		EBA37B6E26F74CBA005DAAD4 /* YPPermissionDeniedPopup.swift in Sources */ = {isa = PBXBuildFile; fileRef = EBA37AF826F7300C005DAAD4 /* YPPermissionDeniedPopup.swift */; };
		EBA37B6F26F74CBA005DAAD4 /* UIImage+Extensions.swift in Sources */ = {isa = PBXBuildFile; fileRef = 9911FA23203C3A31000E9B06 /* UIImage+Extensions.swift */; };
		EBA37B7026F74CBA005DAAD4 /* YPError.swift in Sources */ = {isa = PBXBuildFile; fileRef = EBA37AFE26F7302B005DAAD4 /* YPError.swift */; };
		EBA37B7126F74CBA005DAAD4 /* YPLibraryVC+CollectionView.swift in Sources */ = {isa = PBXBuildFile; fileRef = 99CF6D20201B70A000487F77 /* YPLibraryVC+CollectionView.swift */; };
		EBA37B7226F74CBA005DAAD4 /* YPPickerScreen.swift in Sources */ = {isa = PBXBuildFile; fileRef = 99019E522018CE19007325C2 /* YPPickerScreen.swift */; };
		EBA37B7326F74CBA005DAAD4 /* YPSelectionsGalleryVC.swift in Sources */ = {isa = PBXBuildFile; fileRef = EB584BF9207B870F00265B38 /* YPSelectionsGalleryVC.swift */; };
		EBA37B7426F74CBA005DAAD4 /* YPVideoView.swift in Sources */ = {isa = PBXBuildFile; fileRef = EBB0FF7920877A7500C84E25 /* YPVideoView.swift */; };
		EBA37B7526F74CBA005DAAD4 /* YPLibraryVC+PanGesture.swift in Sources */ = {isa = PBXBuildFile; fileRef = 99CF6D24201B727900487F77 /* YPLibraryVC+PanGesture.swift */; };
		EBA37B7626F74CBA005DAAD4 /* YPVideoFiltersVC.swift in Sources */ = {isa = PBXBuildFile; fileRef = EB59F450208766B800811B7B /* YPVideoFiltersVC.swift */; };
		EBA37B7926F74CBA005DAAD4 /* YPCropVC.swift in Sources */ = {isa = PBXBuildFile; fileRef = 99A3C91120319231008D7E23 /* YPCropVC.swift */; };
		EBA37B7A26F74CBA005DAAD4 /* PHCachingImageManager+Extensions.swift in Sources */ = {isa = PBXBuildFile; fileRef = 990FD296201B4A5F002A39A1 /* PHCachingImageManager+Extensions.swift */; };
		EBA37B7B26F74CBA005DAAD4 /* AVCaptureSession+Extensions.swift in Sources */ = {isa = PBXBuildFile; fileRef = EB473E24208E1DCA00D16105 /* AVCaptureSession+Extensions.swift */; };
		EBA37B7C26F74CBA005DAAD4 /* UIButton+Extensions.swift in Sources */ = {isa = PBXBuildFile; fileRef = EB5B07C3209146F00099C1FA /* UIButton+Extensions.swift */; };
		EBA37B7D26F74CBA005DAAD4 /* URL+Extensions.swift in Sources */ = {isa = PBXBuildFile; fileRef = EB473E16208E192800D16105 /* URL+Extensions.swift */; };
		EBA37B7F26F74CBA005DAAD4 /* YPPermissionCheckable.swift in Sources */ = {isa = PBXBuildFile; fileRef = EBA37AF626F7300C005DAAD4 /* YPPermissionCheckable.swift */; };
		EBA37B8026F74CBA005DAAD4 /* NSFileManager+Extensions.swift in Sources */ = {isa = PBXBuildFile; fileRef = EB473E1A208E1B7400D16105 /* NSFileManager+Extensions.swift */; };
		EBA37B8126F74CBA005DAAD4 /* PHFetchResult+Extensions.swift in Sources */ = {isa = PBXBuildFile; fileRef = 990FD298201B67FE002A39A1 /* PHFetchResult+Extensions.swift */; };
		EBA37B8226F74CBA005DAAD4 /* YPPhotoSaver.swift in Sources */ = {isa = PBXBuildFile; fileRef = 99C6D6B41F1FB5C100711DB2 /* YPPhotoSaver.swift */; };
		EBA37B8326F74CBA005DAAD4 /* CIImage+Extensions.swift in Sources */ = {isa = PBXBuildFile; fileRef = EBE6CA47210389ED005B0A6A /* CIImage+Extensions.swift */; };
		EBA37B8426F74CBA005DAAD4 /* YPColors.swift in Sources */ = {isa = PBXBuildFile; fileRef = EBD66106208104F400EA276E /* YPColors.swift */; };
		EBA37B8526F74CBA005DAAD4 /* YPLibraryVC.swift in Sources */ = {isa = PBXBuildFile; fileRef = 99C6D69F1F1FB5C100711DB2 /* YPLibraryVC.swift */; };
		EBA37B8626F74CBA005DAAD4 /* YPWordings.swift in Sources */ = {isa = PBXBuildFile; fileRef = 99472DEC2056E33700419F9E /* YPWordings.swift */; };
		EBA37B8726F74CBA005DAAD4 /* YPLibraryViewCell.swift in Sources */ = {isa = PBXBuildFile; fileRef = 99C6D6A21F1FB5C100711DB2 /* YPLibraryViewCell.swift */; };
		EBA37B8826F74CBA005DAAD4 /* YPPagerMenu.swift in Sources */ = {isa = PBXBuildFile; fileRef = 99019E4D2018CD31007325C2 /* YPPagerMenu.swift */; };
		EBA37B8926F74CBA005DAAD4 /* YPAlerts.swift in Sources */ = {isa = PBXBuildFile; fileRef = 99CF6D26201B739600487F77 /* YPAlerts.swift */; };
		EBA37B8A26F74CBA005DAAD4 /* YPLog.swift in Sources */ = {isa = PBXBuildFile; fileRef = EBA37AFC26F7302B005DAAD4 /* YPLog.swift */; };
		EBA37B8B26F74CBA005DAAD4 /* YPIcons.swift in Sources */ = {isa = PBXBuildFile; fileRef = EBD66104208104EA00EA276E /* YPIcons.swift */; };
		EBA37B8C26F74CBA005DAAD4 /* YPAlbumCell.swift in Sources */ = {isa = PBXBuildFile; fileRef = EBA37B0626F73080005DAAD4 /* YPAlbumCell.swift */; };
		EBA37B8D26F74CBA005DAAD4 /* YPVideoCaptureVC.swift in Sources */ = {isa = PBXBuildFile; fileRef = 99C6D6B71F1FB5C100711DB2 /* YPVideoCaptureVC.swift */; };
		EBA37B8E26F74CBA005DAAD4 /* YPSelectionsGalleryCell.swift in Sources */ = {isa = PBXBuildFile; fileRef = EB584BFD207B883A00265B38 /* YPSelectionsGalleryCell.swift */; };
		EBA37B8F26F74CBA005DAAD4 /* AVFileType+Extensions.swift in Sources */ = {isa = PBXBuildFile; fileRef = EB473E18208E198E00D16105 /* AVFileType+Extensions.swift */; };
		EBA37B9026F74CBA005DAAD4 /* AVMutableComposition+Extensions.swift in Sources */ = {isa = PBXBuildFile; fileRef = EB473E1E208E1BCC00D16105 /* AVMutableComposition+Extensions.swift */; };
		EBA37B9126F74CBA005DAAD4 /* YPTrimError.swift in Sources */ = {isa = PBXBuildFile; fileRef = EB473E20208E1BF400D16105 /* YPTrimError.swift */; };
		EBA37B9226F74CBA005DAAD4 /* YPAlbumView.swift in Sources */ = {isa = PBXBuildFile; fileRef = EBA37B0826F73080005DAAD4 /* YPAlbumView.swift */; };
		EBA37B9326F74CBA005DAAD4 /* YPBottomPagerView.swift in Sources */ = {isa = PBXBuildFile; fileRef = 99019E4B2018CCD6007325C2 /* YPBottomPagerView.swift */; };
		EBA37B9426F74CBA005DAAD4 /* YPAssetZoomableView.swift in Sources */ = {isa = PBXBuildFile; fileRef = 99C6D6A41F1FB5C100711DB2 /* YPAssetZoomableView.swift */; };
		EBA37B9526F74CBA005DAAD4 /* AVCaptureDevice+Extensions.swift in Sources */ = {isa = PBXBuildFile; fileRef = EB473E2A208E1ECB00D16105 /* AVCaptureDevice+Extensions.swift */; };
		EBA37B9626F74CBA005DAAD4 /* YPGridView.swift in Sources */ = {isa = PBXBuildFile; fileRef = 99C6D6A31F1FB5C100711DB2 /* YPGridView.swift */; };
		EBA37B9726F74CBA005DAAD4 /* AVPlayer+Extensions.swift in Sources */ = {isa = PBXBuildFile; fileRef = EB473E22208E1DB000D16105 /* AVPlayer+Extensions.swift */; };
		EBA37B9826F74CBA005DAAD4 /* YPVideoProcessor.swift in Sources */ = {isa = PBXBuildFile; fileRef = EB05F6E6214A7191002040AA /* YPVideoProcessor.swift */; };
		EBA37B9926F74CBA005DAAD4 /* YPFlashMode.swift in Sources */ = {isa = PBXBuildFile; fileRef = EBA37AFD26F7302B005DAAD4 /* YPFlashMode.swift */; };
		EBA37B9A26F74CBA005DAAD4 /* YPLibrarySelection.swift in Sources */ = {isa = PBXBuildFile; fileRef = 9915D9D22087E692003FC307 /* YPLibrarySelection.swift */; };
		EBA37B9B26F74CBA005DAAD4 /* UINavigationBar+Extensions.swift in Sources */ = {isa = PBXBuildFile; fileRef = 321E6D86240CFABC00D76CD8 /* UINavigationBar+Extensions.swift */; };
		EBA37B9C26F74CBA005DAAD4 /* CGFloat+Extensions.swift in Sources */ = {isa = PBXBuildFile; fileRef = EB1AB2E920AC1DED00BFA79F /* CGFloat+Extensions.swift */; };
		EBA37B9D26F74CBA005DAAD4 /* YPImageSize.swift in Sources */ = {isa = PBXBuildFile; fileRef = 99019E502018CDED007325C2 /* YPImageSize.swift */; };
		EBA37B9E26F74CBA005DAAD4 /* YPDragDirection.swift in Sources */ = {isa = PBXBuildFile; fileRef = 990FD294201B3E59002A39A1 /* YPDragDirection.swift */; };
		EBA37B9F26F74CBA005DAAD4 /* YPImagePickerConfiguration.swift in Sources */ = {isa = PBXBuildFile; fileRef = 99D1DC2A1F9788930047F0E0 /* YPImagePickerConfiguration.swift */; };
		EBA37BA026F74CBA005DAAD4 /* YPPhotoCaptureHelper.swift in Sources */ = {isa = PBXBuildFile; fileRef = EBA37B0226F7304E005DAAD4 /* YPPhotoCaptureHelper.swift */; };
		EBA37BA126F74CBA005DAAD4 /* AVAsset+Extensions.swift in Sources */ = {isa = PBXBuildFile; fileRef = EB473E1C208E1B9E00D16105 /* AVAsset+Extensions.swift */; };
		EBA37BA226F74CBA005DAAD4 /* YPDeviceOrientationHelper.swift in Sources */ = {isa = PBXBuildFile; fileRef = AA69BCF122E601D100FBB925 /* YPDeviceOrientationHelper.swift */; };
		EBA37BA326F74CBA005DAAD4 /* YPAssetViewContainer.swift in Sources */ = {isa = PBXBuildFile; fileRef = 99C6D6A51F1FB5C100711DB2 /* YPAssetViewContainer.swift */; };
		EBA37BA426F74CBA005DAAD4 /* UICollectionView+Extensions.swift in Sources */ = {isa = PBXBuildFile; fileRef = 99CF6D1A201B6A5C00487F77 /* UICollectionView+Extensions.swift */; };
		EBA37BA526F74CBA005DAAD4 /* AVFoundation+Extensions.swift in Sources */ = {isa = PBXBuildFile; fileRef = EB584C02207B990200265B38 /* AVFoundation+Extensions.swift */; };
		EBA37BA626F74CBA005DAAD4 /* IndexSet+Extensions.swift in Sources */ = {isa = PBXBuildFile; fileRef = 99CF6D1C201B6ABA00487F77 /* IndexSet+Extensions.swift */; };
		EBA37BA726F74CBA005DAAD4 /* YPMenuItem.swift in Sources */ = {isa = PBXBuildFile; fileRef = 99019E552018D008007325C2 /* YPMenuItem.swift */; };
		EBA37BA926F74CBA005DAAD4 /* YPLibraryViewDelegate.swift in Sources */ = {isa = PBXBuildFile; fileRef = 990FD292201B3D69002A39A1 /* YPLibraryViewDelegate.swift */; };
		EBA37BAA26F74CBA005DAAD4 /* YPCameraVC.swift in Sources */ = {isa = PBXBuildFile; fileRef = 99C6D6A71F1FB5C100711DB2 /* YPCameraVC.swift */; };
		EBA37BAB26F74CBA005DAAD4 /* YPCropView.swift in Sources */ = {isa = PBXBuildFile; fileRef = 99A3C90F20319227008D7E23 /* YPCropView.swift */; };
		EBA37BAC26F74CBA005DAAD4 /* YPHelper.swift in Sources */ = {isa = PBXBuildFile; fileRef = 99C6D6B11F1FB5C100711DB2 /* YPHelper.swift */; };
		EBA37BAD26F74CBA005DAAD4 /* YPPermissionManager.swift in Sources */ = {isa = PBXBuildFile; fileRef = EBA37AF726F7300C005DAAD4 /* YPPermissionManager.swift */; };
		EBA37BAE26F74CBA005DAAD4 /* YPAlbumVC.swift in Sources */ = {isa = PBXBuildFile; fileRef = EBA37B0526F73080005DAAD4 /* YPAlbumVC.swift */; };
		EBA37BAF26F74CBA005DAAD4 /* YPSelectionsGalleryView.swift in Sources */ = {isa = PBXBuildFile; fileRef = 99CD962620D179FD009F5084 /* YPSelectionsGalleryView.swift */; };
		EBA37BB026F74CBA005DAAD4 /* YPVideoCaptureHelper.swift in Sources */ = {isa = PBXBuildFile; fileRef = 99CF6D2A201CB96700487F77 /* YPVideoCaptureHelper.swift */; };
		EBA37BB126F74CBA005DAAD4 /* YPLoaders.swift in Sources */ = {isa = PBXBuildFile; fileRef = EB94F28D208E3A140049F523 /* YPLoaders.swift */; };
		EBA37BB226F74CBB005DAAD4 /* YPBottomPager.swift in Sources */ = {isa = PBXBuildFile; fileRef = 99C6D6AF1F1FB5C100711DB2 /* YPBottomPager.swift */; };
		EBA37BB326F74CBB005DAAD4 /* YPMediaItem.swift in Sources */ = {isa = PBXBuildFile; fileRef = EBD2B640207B7D7400E711C2 /* YPMediaItem.swift */; };
		EBA37BB426F74CBB005DAAD4 /* YPLibraryView.swift in Sources */ = {isa = PBXBuildFile; fileRef = 99C6D6A01F1FB5C100711DB2 /* YPLibraryView.swift */; };
		EBA37BB526F74CBB005DAAD4 /* YPAlbum.swift in Sources */ = {isa = PBXBuildFile; fileRef = EBA37B0426F73080005DAAD4 /* YPAlbum.swift */; };
		EBA37BB626F74CBB005DAAD4 /* YPCameraView.swift in Sources */ = {isa = PBXBuildFile; fileRef = 99C6D6A81F1FB5C100711DB2 /* YPCameraView.swift */; };
		EBA37BBB26F74CE0005DAAD4 /* YPPhotoFiltersVC.swift in Sources */ = {isa = PBXBuildFile; fileRef = EBA37BB726F74CE0005DAAD4 /* YPPhotoFiltersVC.swift */; };
		EBA37BBC26F74CE0005DAAD4 /* YPPhotoFiltersVC.swift in Sources */ = {isa = PBXBuildFile; fileRef = EBA37BB726F74CE0005DAAD4 /* YPPhotoFiltersVC.swift */; };
		EBA37BBD26F74CE0005DAAD4 /* YPFilterCollectionViewCell.swift in Sources */ = {isa = PBXBuildFile; fileRef = EBA37BB826F74CE0005DAAD4 /* YPFilterCollectionViewCell.swift */; };
		EBA37BBE26F74CE0005DAAD4 /* YPFilterCollectionViewCell.swift in Sources */ = {isa = PBXBuildFile; fileRef = EBA37BB826F74CE0005DAAD4 /* YPFilterCollectionViewCell.swift */; };
		EBA37BBF26F74CE0005DAAD4 /* YPFiltersView.swift in Sources */ = {isa = PBXBuildFile; fileRef = EBA37BB926F74CE0005DAAD4 /* YPFiltersView.swift */; };
		EBA37BC026F74CE0005DAAD4 /* YPFiltersView.swift in Sources */ = {isa = PBXBuildFile; fileRef = EBA37BB926F74CE0005DAAD4 /* YPFiltersView.swift */; };
		EBA37BC126F74CE0005DAAD4 /* YPFilter.swift in Sources */ = {isa = PBXBuildFile; fileRef = EBA37BBA26F74CE0005DAAD4 /* YPFilter.swift */; };
		EBA37BC226F74CE0005DAAD4 /* YPFilter.swift in Sources */ = {isa = PBXBuildFile; fileRef = EBA37BBA26F74CE0005DAAD4 /* YPFilter.swift */; };
		EBA37BC426F750DE005DAAD4 /* YPLibraryView.xib in Resources */ = {isa = PBXBuildFile; fileRef = 99C6D6A11F1FB5C100711DB2 /* YPLibraryView.xib */; };
		EBA37BC626F75144005DAAD4 /* Assets.xcassets in Resources */ = {isa = PBXBuildFile; fileRef = 99C6D6981F1FB5C100711DB2 /* Assets.xcassets */; };
		EBA37BC726F75151005DAAD4 /* YPImagePickerLocalizable.strings in Resources */ = {isa = PBXBuildFile; fileRef = 99C6D6991F1FB5C100711DB2 /* YPImagePickerLocalizable.strings */; };
		EBA37BC926F757FF005DAAD4 /* Bundle+Extensions.swift in Sources */ = {isa = PBXBuildFile; fileRef = EBA37BC826F757FF005DAAD4 /* Bundle+Extensions.swift */; };
		EBA37BCA26F757FF005DAAD4 /* Bundle+Extensions.swift in Sources */ = {isa = PBXBuildFile; fileRef = EBA37BC826F757FF005DAAD4 /* Bundle+Extensions.swift */; };
		EBA37BCD26F75BCC005DAAD4 /* Stevia in Frameworks */ = {isa = PBXBuildFile; productRef = EBA37BCC26F75BCC005DAAD4 /* Stevia */; };
		EBA37BD026F75C67005DAAD4 /* PryntTrimmerView in Frameworks */ = {isa = PBXBuildFile; productRef = EBA37BCF26F75C67005DAAD4 /* PryntTrimmerView */; };
		EBB0FF7A20877A7500C84E25 /* YPVideoView.swift in Sources */ = {isa = PBXBuildFile; fileRef = EBB0FF7920877A7500C84E25 /* YPVideoView.swift */; };
		EBD2B641207B7D7400E711C2 /* YPMediaItem.swift in Sources */ = {isa = PBXBuildFile; fileRef = EBD2B640207B7D7400E711C2 /* YPMediaItem.swift */; };
		EBD66105208104EA00EA276E /* YPIcons.swift in Sources */ = {isa = PBXBuildFile; fileRef = EBD66104208104EA00EA276E /* YPIcons.swift */; };
		EBD66107208104F400EA276E /* YPColors.swift in Sources */ = {isa = PBXBuildFile; fileRef = EBD66106208104F400EA276E /* YPColors.swift */; };
		EBDDF0EB278784A900A372FD /* Array+Extensions.swift in Sources */ = {isa = PBXBuildFile; fileRef = EBDDF0EA278784A900A372FD /* Array+Extensions.swift */; };
		EBDDF0EC278784A900A372FD /* Array+Extensions.swift in Sources */ = {isa = PBXBuildFile; fileRef = EBDDF0EA278784A900A372FD /* Array+Extensions.swift */; };
		EBE6CA48210389ED005B0A6A /* CIImage+Extensions.swift in Sources */ = {isa = PBXBuildFile; fileRef = EBE6CA47210389ED005B0A6A /* CIImage+Extensions.swift */; };
/* End PBXBuildFile section */

/* Begin PBXCopyFilesBuildPhase section */
		EBA37B3126F74228005DAAD4 /* Embed Frameworks */ = {
			isa = PBXCopyFilesBuildPhase;
			buildActionMask = 2147483647;
			dstPath = "";
			dstSubfolderSpec = 10;
			files = (
				EBA37B3026F74228005DAAD4 /* (null) in Embed Frameworks */,
			);
			name = "Embed Frameworks";
			runOnlyForDeploymentPostprocessing = 0;
		};
/* End PBXCopyFilesBuildPhase section */

/* Begin PBXFileReference section */
		16550C5C214D5EE60090BADF /* bg */ = {isa = PBXFileReference; lastKnownFileType = text.plist.strings; name = bg; path = bg.lproj/YPImagePickerLocalizable.strings; sourceTree = "<group>"; };
		166695DE253EFF0100F6EF9E /* ro */ = {isa = PBXFileReference; lastKnownFileType = text.plist.strings; name = ro; path = ro.lproj/YPImagePickerLocalizable.strings; sourceTree = "<group>"; };
		1CF8B597BBC32060C9FA476A /* Pods-Example.debug.xcconfig */ = {isa = PBXFileReference; includeInIndex = 1; lastKnownFileType = text.xcconfig; name = "Pods-Example.debug.xcconfig"; path = "Target Support Files/Pods-Example/Pods-Example.debug.xcconfig"; sourceTree = "<group>"; };
		2577138123B1E09300BB9C86 /* th */ = {isa = PBXFileReference; lastKnownFileType = text.plist.strings; name = th; path = th.lproj/YPImagePickerLocalizable.strings; sourceTree = "<group>"; };
		2577138223B1E09E00BB9C86 /* vi */ = {isa = PBXFileReference; lastKnownFileType = text.plist.strings; name = vi; path = vi.lproj/YPImagePickerLocalizable.strings; sourceTree = "<group>"; };
		321E6D86240CFABC00D76CD8 /* UINavigationBar+Extensions.swift */ = {isa = PBXFileReference; lastKnownFileType = sourcecode.swift; path = "UINavigationBar+Extensions.swift"; sourceTree = "<group>"; };
		327D7B582409510300B9C368 /* YPFonts.swift */ = {isa = PBXFileReference; lastKnownFileType = sourcecode.swift; path = YPFonts.swift; sourceTree = "<group>"; };
		327D7B68240CEF2F00B9C368 /* UIBarButtonItem+Extensions.swift */ = {isa = PBXFileReference; lastKnownFileType = sourcecode.swift; path = "UIBarButtonItem+Extensions.swift"; sourceTree = "<group>"; };
		3B0E1B962070669B0048E95B /* tr */ = {isa = PBXFileReference; lastKnownFileType = text.plist.strings; name = tr; path = tr.lproj/YPImagePickerLocalizable.strings; sourceTree = "<group>"; };
		4EA67521208A45080076D4E3 /* de */ = {isa = PBXFileReference; lastKnownFileType = text.plist.strings; name = de; path = de.lproj/YPImagePickerLocalizable.strings; sourceTree = "<group>"; };
		4F6EC26224FE5C2900277082 /* km */ = {isa = PBXFileReference; lastKnownFileType = text.plist.strings; name = km; path = km.lproj/YPImagePickerLocalizable.strings; sourceTree = "<group>"; };
		4F6EC26324FE5C3C00277082 /* km-KH */ = {isa = PBXFileReference; lastKnownFileType = text.plist.strings; name = "km-KH"; path = "km-KH.lproj/YPImagePickerLocalizable.strings"; sourceTree = "<group>"; };
		52412A931CA6114A0073C4BE /* YPImagePicker.framework */ = {isa = PBXFileReference; explicitFileType = wrapper.framework; includeInIndex = 0; path = YPImagePicker.framework; sourceTree = BUILT_PRODUCTS_DIR; };
		5BB46873254497250083DFEA /* sv */ = {isa = PBXFileReference; lastKnownFileType = text.plist.strings; name = sv; path = sv.lproj/YPImagePickerLocalizable.strings; sourceTree = "<group>"; };
		5F01F9DC20DCC494007432E4 /* zh-Hans */ = {isa = PBXFileReference; lastKnownFileType = text.plist.strings; name = "zh-Hans"; path = "zh-Hans.lproj/YPImagePickerLocalizable.strings"; sourceTree = "<group>"; };
		65BBCBAE2101BA4200277809 /* id */ = {isa = PBXFileReference; lastKnownFileType = text.plist.strings; name = id; path = id.lproj/YPImagePickerLocalizable.strings; sourceTree = "<group>"; };
		7157B4CA206FD7270004EF6C /* pt-BR */ = {isa = PBXFileReference; lastKnownFileType = text.plist.strings; name = "pt-BR"; path = "pt-BR.lproj/YPImagePickerLocalizable.strings"; sourceTree = "<group>"; };
		7222273C254C031100CAB087 /* fa */ = {isa = PBXFileReference; lastKnownFileType = text.plist.strings; name = fa; path = fa.lproj/YPImagePickerLocalizable.strings; sourceTree = "<group>"; };
		78B58D3524C5DB5200B83153 /* pl */ = {isa = PBXFileReference; lastKnownFileType = text.plist.strings; name = pl; path = pl.lproj/YPImagePickerLocalizable.strings; sourceTree = "<group>"; };
		8856E5E414FCD9DBEA165EA9 /* Pods_Example.framework */ = {isa = PBXFileReference; explicitFileType = wrapper.framework; includeInIndex = 0; path = Pods_Example.framework; sourceTree = BUILT_PRODUCTS_DIR; };
		99019E4B2018CCD6007325C2 /* YPBottomPagerView.swift */ = {isa = PBXFileReference; lastKnownFileType = sourcecode.swift; path = YPBottomPagerView.swift; sourceTree = "<group>"; };
		99019E4D2018CD31007325C2 /* YPPagerMenu.swift */ = {isa = PBXFileReference; lastKnownFileType = sourcecode.swift; path = YPPagerMenu.swift; sourceTree = "<group>"; };
		99019E502018CDED007325C2 /* YPImageSize.swift */ = {isa = PBXFileReference; lastKnownFileType = sourcecode.swift; path = YPImageSize.swift; sourceTree = "<group>"; };
		99019E522018CE19007325C2 /* YPPickerScreen.swift */ = {isa = PBXFileReference; lastKnownFileType = sourcecode.swift; path = YPPickerScreen.swift; sourceTree = "<group>"; };
		99019E552018D008007325C2 /* YPMenuItem.swift */ = {isa = PBXFileReference; lastKnownFileType = sourcecode.swift; path = YPMenuItem.swift; sourceTree = "<group>"; };
		990FD292201B3D69002A39A1 /* YPLibraryViewDelegate.swift */ = {isa = PBXFileReference; lastKnownFileType = sourcecode.swift; path = YPLibraryViewDelegate.swift; sourceTree = "<group>"; };
		990FD294201B3E59002A39A1 /* YPDragDirection.swift */ = {isa = PBXFileReference; lastKnownFileType = sourcecode.swift; path = YPDragDirection.swift; sourceTree = "<group>"; };
		990FD296201B4A5F002A39A1 /* PHCachingImageManager+Extensions.swift */ = {isa = PBXFileReference; lastKnownFileType = sourcecode.swift; path = "PHCachingImageManager+Extensions.swift"; sourceTree = "<group>"; };
		990FD298201B67FE002A39A1 /* PHFetchResult+Extensions.swift */ = {isa = PBXFileReference; lastKnownFileType = sourcecode.swift; path = "PHFetchResult+Extensions.swift"; sourceTree = "<group>"; };
		9911FA23203C3A31000E9B06 /* UIImage+Extensions.swift */ = {isa = PBXFileReference; lastKnownFileType = sourcecode.swift; path = "UIImage+Extensions.swift"; sourceTree = "<group>"; };
		9915D9D22087E692003FC307 /* YPLibrarySelection.swift */ = {isa = PBXFileReference; lastKnownFileType = sourcecode.swift; path = YPLibrarySelection.swift; sourceTree = "<group>"; };
		991712D021BE9FF900DE781F /* zh-Hant */ = {isa = PBXFileReference; lastKnownFileType = text.plist.strings; name = "zh-Hant"; path = "zh-Hant.lproj/YPImagePickerLocalizable.strings"; sourceTree = "<group>"; };
		991C0E5320567D3400764131 /* nl */ = {isa = PBXFileReference; lastKnownFileType = text.plist.strings; name = nl; path = nl.lproj/YPImagePickerLocalizable.strings; sourceTree = "<group>"; };
		99472DEC2056E33700419F9E /* YPWordings.swift */ = {isa = PBXFileReference; lastKnownFileType = sourcecode.swift; path = YPWordings.swift; sourceTree = "<group>"; };
		99A3C90F20319227008D7E23 /* YPCropView.swift */ = {isa = PBXFileReference; lastKnownFileType = sourcecode.swift; path = YPCropView.swift; sourceTree = "<group>"; };
		99A3C91120319231008D7E23 /* YPCropVC.swift */ = {isa = PBXFileReference; lastKnownFileType = sourcecode.swift; path = YPCropVC.swift; sourceTree = "<group>"; };
		99B8C4C2208F8EE900127119 /* YPLoadingView.swift */ = {isa = PBXFileReference; lastKnownFileType = sourcecode.swift; path = YPLoadingView.swift; sourceTree = "<group>"; };
		99BEB97A20A9DE5F00FFEB55 /* it */ = {isa = PBXFileReference; lastKnownFileType = text.plist.strings; name = it; path = it.lproj/YPImagePickerLocalizable.strings; sourceTree = "<group>"; };
		99C6D6981F1FB5C100711DB2 /* Assets.xcassets */ = {isa = PBXFileReference; lastKnownFileType = folder.assetcatalog; path = Assets.xcassets; sourceTree = "<group>"; };
		99C6D69A1F1FB5C100711DB2 /* en */ = {isa = PBXFileReference; lastKnownFileType = text.plist.strings; name = en; path = en.lproj/YPImagePickerLocalizable.strings; sourceTree = "<group>"; };
		99C6D69B1F1FB5C100711DB2 /* es */ = {isa = PBXFileReference; lastKnownFileType = text.plist.strings; name = es; path = es.lproj/YPImagePickerLocalizable.strings; sourceTree = "<group>"; };
		99C6D69C1F1FB5C100711DB2 /* fr */ = {isa = PBXFileReference; lastKnownFileType = text.plist.strings; name = fr; path = fr.lproj/YPImagePickerLocalizable.strings; sourceTree = "<group>"; };
		99C6D69F1F1FB5C100711DB2 /* YPLibraryVC.swift */ = {isa = PBXFileReference; fileEncoding = 4; lastKnownFileType = sourcecode.swift; path = YPLibraryVC.swift; sourceTree = "<group>"; };
		99C6D6A01F1FB5C100711DB2 /* YPLibraryView.swift */ = {isa = PBXFileReference; fileEncoding = 4; lastKnownFileType = sourcecode.swift; path = YPLibraryView.swift; sourceTree = "<group>"; };
		99C6D6A11F1FB5C100711DB2 /* YPLibraryView.xib */ = {isa = PBXFileReference; fileEncoding = 4; lastKnownFileType = file.xib; path = YPLibraryView.xib; sourceTree = "<group>"; };
		99C6D6A21F1FB5C100711DB2 /* YPLibraryViewCell.swift */ = {isa = PBXFileReference; fileEncoding = 4; lastKnownFileType = sourcecode.swift; path = YPLibraryViewCell.swift; sourceTree = "<group>"; };
		99C6D6A31F1FB5C100711DB2 /* YPGridView.swift */ = {isa = PBXFileReference; fileEncoding = 4; lastKnownFileType = sourcecode.swift; path = YPGridView.swift; sourceTree = "<group>"; };
		99C6D6A41F1FB5C100711DB2 /* YPAssetZoomableView.swift */ = {isa = PBXFileReference; fileEncoding = 4; lastKnownFileType = sourcecode.swift; path = YPAssetZoomableView.swift; sourceTree = "<group>"; };
		99C6D6A51F1FB5C100711DB2 /* YPAssetViewContainer.swift */ = {isa = PBXFileReference; fileEncoding = 4; lastKnownFileType = sourcecode.swift; path = YPAssetViewContainer.swift; sourceTree = "<group>"; };
		99C6D6A71F1FB5C100711DB2 /* YPCameraVC.swift */ = {isa = PBXFileReference; fileEncoding = 4; lastKnownFileType = sourcecode.swift; path = YPCameraVC.swift; sourceTree = "<group>"; };
		99C6D6A81F1FB5C100711DB2 /* YPCameraView.swift */ = {isa = PBXFileReference; fileEncoding = 4; lastKnownFileType = sourcecode.swift; path = YPCameraView.swift; sourceTree = "<group>"; };
		99C6D6AF1F1FB5C100711DB2 /* YPBottomPager.swift */ = {isa = PBXFileReference; fileEncoding = 4; lastKnownFileType = sourcecode.swift; path = YPBottomPager.swift; sourceTree = "<group>"; };
		99C6D6B11F1FB5C100711DB2 /* YPHelper.swift */ = {isa = PBXFileReference; fileEncoding = 4; lastKnownFileType = sourcecode.swift; path = YPHelper.swift; sourceTree = "<group>"; };
		99C6D6B21F1FB5C100711DB2 /* YPImagePickerHeader.h */ = {isa = PBXFileReference; fileEncoding = 4; lastKnownFileType = sourcecode.c.h; path = YPImagePickerHeader.h; sourceTree = "<group>"; };
		99C6D6B31F1FB5C100711DB2 /* Info.plist */ = {isa = PBXFileReference; fileEncoding = 4; lastKnownFileType = text.plist.xml; path = Info.plist; sourceTree = "<group>"; };
		99C6D6B41F1FB5C100711DB2 /* YPPhotoSaver.swift */ = {isa = PBXFileReference; fileEncoding = 4; lastKnownFileType = sourcecode.swift; path = YPPhotoSaver.swift; sourceTree = "<group>"; };
		99C6D6B51F1FB5C100711DB2 /* YPPickerVC.swift */ = {isa = PBXFileReference; fileEncoding = 4; lastKnownFileType = sourcecode.swift; path = YPPickerVC.swift; sourceTree = "<group>"; };
		99C6D6B71F1FB5C100711DB2 /* YPVideoCaptureVC.swift */ = {isa = PBXFileReference; fileEncoding = 4; lastKnownFileType = sourcecode.swift; path = YPVideoCaptureVC.swift; sourceTree = "<group>"; };
		99C6D6B81F1FB5C100711DB2 /* YPImagePicker.swift */ = {isa = PBXFileReference; fileEncoding = 4; lastKnownFileType = sourcecode.swift; path = YPImagePicker.swift; sourceTree = "<group>"; };
		99CD962620D179FD009F5084 /* YPSelectionsGalleryView.swift */ = {isa = PBXFileReference; lastKnownFileType = sourcecode.swift; path = YPSelectionsGalleryView.swift; sourceTree = "<group>"; };
		99CF6D1A201B6A5C00487F77 /* UICollectionView+Extensions.swift */ = {isa = PBXFileReference; lastKnownFileType = sourcecode.swift; path = "UICollectionView+Extensions.swift"; sourceTree = "<group>"; };
		99CF6D1C201B6ABA00487F77 /* IndexSet+Extensions.swift */ = {isa = PBXFileReference; lastKnownFileType = sourcecode.swift; path = "IndexSet+Extensions.swift"; sourceTree = "<group>"; };
		99CF6D1E201B6B9E00487F77 /* CGRect+Extensions.swift */ = {isa = PBXFileReference; lastKnownFileType = sourcecode.swift; path = "CGRect+Extensions.swift"; sourceTree = "<group>"; };
		99CF6D20201B70A000487F77 /* YPLibraryVC+CollectionView.swift */ = {isa = PBXFileReference; lastKnownFileType = sourcecode.swift; path = "YPLibraryVC+CollectionView.swift"; sourceTree = "<group>"; };
		99CF6D22201B71DC00487F77 /* YPLibrary+LibraryChange.swift */ = {isa = PBXFileReference; lastKnownFileType = sourcecode.swift; path = "YPLibrary+LibraryChange.swift"; sourceTree = "<group>"; };
		99CF6D24201B727900487F77 /* YPLibraryVC+PanGesture.swift */ = {isa = PBXFileReference; lastKnownFileType = sourcecode.swift; path = "YPLibraryVC+PanGesture.swift"; sourceTree = "<group>"; };
		99CF6D26201B739600487F77 /* YPAlerts.swift */ = {isa = PBXFileReference; lastKnownFileType = sourcecode.swift; path = YPAlerts.swift; sourceTree = "<group>"; };
		99CF6D28201B900400487F77 /* LibraryMediaManager.swift */ = {isa = PBXFileReference; lastKnownFileType = sourcecode.swift; path = LibraryMediaManager.swift; sourceTree = "<group>"; };
		99CF6D2A201CB96700487F77 /* YPVideoCaptureHelper.swift */ = {isa = PBXFileReference; lastKnownFileType = sourcecode.swift; path = YPVideoCaptureHelper.swift; sourceTree = "<group>"; };
		99D1DC2A1F9788930047F0E0 /* YPImagePickerConfiguration.swift */ = {isa = PBXFileReference; lastKnownFileType = sourcecode.swift; path = YPImagePickerConfiguration.swift; sourceTree = "<group>"; };
		A7FD716620755C2D0044A8E8 /* ar */ = {isa = PBXFileReference; lastKnownFileType = text.plist.strings; name = ar; path = ar.lproj/YPImagePickerLocalizable.strings; sourceTree = "<group>"; };
		AA69BCF122E601D100FBB925 /* YPDeviceOrientationHelper.swift */ = {isa = PBXFileReference; lastKnownFileType = sourcecode.swift; path = YPDeviceOrientationHelper.swift; sourceTree = "<group>"; };
		BEED427CB4F6E5B8C20B6F13 /* Pods-Example.release.xcconfig */ = {isa = PBXFileReference; includeInIndex = 1; lastKnownFileType = text.xcconfig; name = "Pods-Example.release.xcconfig"; path = "Target Support Files/Pods-Example/Pods-Example.release.xcconfig"; sourceTree = "<group>"; };
		DC3DAC4526C6FCAA007FD95A /* cs */ = {isa = PBXFileReference; lastKnownFileType = text.plist.strings; name = cs; path = cs.lproj/YPImagePickerLocalizable.strings; sourceTree = "<group>"; };
		E3E492BB2169012B002BA807 /* ko */ = {isa = PBXFileReference; lastKnownFileType = text.plist.strings; name = ko; path = ko.lproj/YPImagePickerLocalizable.strings; sourceTree = "<group>"; };
		E5287F5820B908720052153D /* ja */ = {isa = PBXFileReference; lastKnownFileType = text.plist.strings; name = ja; path = ja.lproj/YPImagePickerLocalizable.strings; sourceTree = "<group>"; };
		EB05F6E6214A7191002040AA /* YPVideoProcessor.swift */ = {isa = PBXFileReference; lastKnownFileType = sourcecode.swift; path = YPVideoProcessor.swift; sourceTree = "<group>"; };
		EB0D6FC2252F1FDC006EE12E /* da */ = {isa = PBXFileReference; lastKnownFileType = text.plist.strings; name = da; path = da.lproj/YPImagePickerLocalizable.strings; sourceTree = "<group>"; };
		EB11EE9820572F3700A19365 /* ru */ = {isa = PBXFileReference; lastKnownFileType = text.plist.strings; name = ru; path = ru.lproj/YPImagePickerLocalizable.strings; sourceTree = "<group>"; };
		EB1AB2E920AC1DED00BFA79F /* CGFloat+Extensions.swift */ = {isa = PBXFileReference; lastKnownFileType = sourcecode.swift; path = "CGFloat+Extensions.swift"; sourceTree = "<group>"; };
		EB473E16208E192800D16105 /* URL+Extensions.swift */ = {isa = PBXFileReference; lastKnownFileType = sourcecode.swift; path = "URL+Extensions.swift"; sourceTree = "<group>"; };
		EB473E18208E198E00D16105 /* AVFileType+Extensions.swift */ = {isa = PBXFileReference; lastKnownFileType = sourcecode.swift; path = "AVFileType+Extensions.swift"; sourceTree = "<group>"; };
		EB473E1A208E1B7400D16105 /* NSFileManager+Extensions.swift */ = {isa = PBXFileReference; lastKnownFileType = sourcecode.swift; path = "NSFileManager+Extensions.swift"; sourceTree = "<group>"; };
		EB473E1C208E1B9E00D16105 /* AVAsset+Extensions.swift */ = {isa = PBXFileReference; lastKnownFileType = sourcecode.swift; path = "AVAsset+Extensions.swift"; sourceTree = "<group>"; };
		EB473E1E208E1BCC00D16105 /* AVMutableComposition+Extensions.swift */ = {isa = PBXFileReference; lastKnownFileType = sourcecode.swift; path = "AVMutableComposition+Extensions.swift"; sourceTree = "<group>"; };
		EB473E20208E1BF400D16105 /* YPTrimError.swift */ = {isa = PBXFileReference; lastKnownFileType = sourcecode.swift; path = YPTrimError.swift; sourceTree = "<group>"; };
		EB473E22208E1DB000D16105 /* AVPlayer+Extensions.swift */ = {isa = PBXFileReference; lastKnownFileType = sourcecode.swift; path = "AVPlayer+Extensions.swift"; sourceTree = "<group>"; };
		EB473E24208E1DCA00D16105 /* AVCaptureSession+Extensions.swift */ = {isa = PBXFileReference; lastKnownFileType = sourcecode.swift; path = "AVCaptureSession+Extensions.swift"; sourceTree = "<group>"; };
		EB473E2A208E1ECB00D16105 /* AVCaptureDevice+Extensions.swift */ = {isa = PBXFileReference; lastKnownFileType = sourcecode.swift; path = "AVCaptureDevice+Extensions.swift"; sourceTree = "<group>"; };
		EB584BF9207B870F00265B38 /* YPSelectionsGalleryVC.swift */ = {isa = PBXFileReference; lastKnownFileType = sourcecode.swift; path = YPSelectionsGalleryVC.swift; sourceTree = "<group>"; };
		EB584BFD207B883A00265B38 /* YPSelectionsGalleryCell.swift */ = {isa = PBXFileReference; lastKnownFileType = sourcecode.swift; path = YPSelectionsGalleryCell.swift; sourceTree = "<group>"; };
		EB584C02207B990200265B38 /* AVFoundation+Extensions.swift */ = {isa = PBXFileReference; lastKnownFileType = sourcecode.swift; path = "AVFoundation+Extensions.swift"; sourceTree = "<group>"; };
		EB59F450208766B800811B7B /* YPVideoFiltersVC.swift */ = {isa = PBXFileReference; lastKnownFileType = sourcecode.swift; path = YPVideoFiltersVC.swift; sourceTree = "<group>"; };
		EB5ACE2B2620802A00C3288D /* README.md */ = {isa = PBXFileReference; lastKnownFileType = net.daringfireball.markdown; path = README.md; sourceTree = "<group>"; };
		EB5B07C3209146F00099C1FA /* UIButton+Extensions.swift */ = {isa = PBXFileReference; lastKnownFileType = sourcecode.swift; path = "UIButton+Extensions.swift"; sourceTree = "<group>"; };
		EB84ADD522F35506003667B5 /* YPImagePicker.podspec */ = {isa = PBXFileReference; explicitFileType = text.script.ruby; path = YPImagePicker.podspec; sourceTree = "<group>"; xcLanguageSpecificationIdentifier = xcode.lang.ruby; };
		EB867BCE209134F100332A54 /* UIColor+Extensions.swift */ = {isa = PBXFileReference; lastKnownFileType = sourcecode.swift; path = "UIColor+Extensions.swift"; sourceTree = "<group>"; };
		EB94F28D208E3A140049F523 /* YPLoaders.swift */ = {isa = PBXFileReference; lastKnownFileType = sourcecode.swift; path = YPLoaders.swift; sourceTree = "<group>"; };
		EBA37AF626F7300C005DAAD4 /* YPPermissionCheckable.swift */ = {isa = PBXFileReference; fileEncoding = 4; lastKnownFileType = sourcecode.swift; path = YPPermissionCheckable.swift; sourceTree = "<group>"; };
		EBA37AF726F7300C005DAAD4 /* YPPermissionManager.swift */ = {isa = PBXFileReference; fileEncoding = 4; lastKnownFileType = sourcecode.swift; path = YPPermissionManager.swift; sourceTree = "<group>"; };
		EBA37AF826F7300C005DAAD4 /* YPPermissionDeniedPopup.swift */ = {isa = PBXFileReference; fileEncoding = 4; lastKnownFileType = sourcecode.swift; path = YPPermissionDeniedPopup.swift; sourceTree = "<group>"; };
		EBA37AFC26F7302B005DAAD4 /* YPLog.swift */ = {isa = PBXFileReference; fileEncoding = 4; lastKnownFileType = sourcecode.swift; path = YPLog.swift; sourceTree = "<group>"; };
		EBA37AFD26F7302B005DAAD4 /* YPFlashMode.swift */ = {isa = PBXFileReference; fileEncoding = 4; lastKnownFileType = sourcecode.swift; path = YPFlashMode.swift; sourceTree = "<group>"; };
		EBA37AFE26F7302B005DAAD4 /* YPError.swift */ = {isa = PBXFileReference; fileEncoding = 4; lastKnownFileType = sourcecode.swift; path = YPError.swift; sourceTree = "<group>"; };
		EBA37B0226F7304E005DAAD4 /* YPPhotoCaptureHelper.swift */ = {isa = PBXFileReference; fileEncoding = 4; lastKnownFileType = sourcecode.swift; path = YPPhotoCaptureHelper.swift; sourceTree = "<group>"; };
		EBA37B0426F73080005DAAD4 /* YPAlbum.swift */ = {isa = PBXFileReference; fileEncoding = 4; lastKnownFileType = sourcecode.swift; path = YPAlbum.swift; sourceTree = "<group>"; };
		EBA37B0526F73080005DAAD4 /* YPAlbumVC.swift */ = {isa = PBXFileReference; fileEncoding = 4; lastKnownFileType = sourcecode.swift; path = YPAlbumVC.swift; sourceTree = "<group>"; };
		EBA37B0626F73080005DAAD4 /* YPAlbumCell.swift */ = {isa = PBXFileReference; fileEncoding = 4; lastKnownFileType = sourcecode.swift; path = YPAlbumCell.swift; sourceTree = "<group>"; };
		EBA37B0726F73080005DAAD4 /* YPAlbumsManager.swift */ = {isa = PBXFileReference; fileEncoding = 4; lastKnownFileType = sourcecode.swift; path = YPAlbumsManager.swift; sourceTree = "<group>"; };
		EBA37B0826F73080005DAAD4 /* YPAlbumView.swift */ = {isa = PBXFileReference; fileEncoding = 4; lastKnownFileType = sourcecode.swift; path = YPAlbumView.swift; sourceTree = "<group>"; };
		EBA37B1426F737CE005DAAD4 /* Podfile */ = {isa = PBXFileReference; lastKnownFileType = text; path = Podfile; sourceTree = "<group>"; xcLanguageSpecificationIdentifier = xcode.lang.ruby; };
		EBA37B3826F7493A005DAAD4 /* ExampleViewController.swift */ = {isa = PBXFileReference; lastKnownFileType = sourcecode.swift; path = ExampleViewController.swift; sourceTree = "<group>"; };
		EBA37B4F26F749C6005DAAD4 /* Example.app */ = {isa = PBXFileReference; explicitFileType = wrapper.application; includeInIndex = 0; path = Example.app; sourceTree = BUILT_PRODUCTS_DIR; };
		EBA37B5126F749C6005DAAD4 /* AppDelegate.swift */ = {isa = PBXFileReference; lastKnownFileType = sourcecode.swift; path = AppDelegate.swift; sourceTree = "<group>"; };
		EBA37B5A26F749C7005DAAD4 /* Assets.xcassets */ = {isa = PBXFileReference; lastKnownFileType = folder.assetcatalog; path = Assets.xcassets; sourceTree = "<group>"; };
		EBA37B5D26F749C7005DAAD4 /* Base */ = {isa = PBXFileReference; lastKnownFileType = file.storyboard; name = Base; path = Base.lproj/LaunchScreen.storyboard; sourceTree = "<group>"; };
		EBA37B5F26F749C7005DAAD4 /* Info.plist */ = {isa = PBXFileReference; lastKnownFileType = text.plist.xml; path = Info.plist; sourceTree = "<group>"; };
		EBA37BB726F74CE0005DAAD4 /* YPPhotoFiltersVC.swift */ = {isa = PBXFileReference; fileEncoding = 4; lastKnownFileType = sourcecode.swift; path = YPPhotoFiltersVC.swift; sourceTree = "<group>"; };
		EBA37BB826F74CE0005DAAD4 /* YPFilterCollectionViewCell.swift */ = {isa = PBXFileReference; fileEncoding = 4; lastKnownFileType = sourcecode.swift; path = YPFilterCollectionViewCell.swift; sourceTree = "<group>"; };
		EBA37BB926F74CE0005DAAD4 /* YPFiltersView.swift */ = {isa = PBXFileReference; fileEncoding = 4; lastKnownFileType = sourcecode.swift; path = YPFiltersView.swift; sourceTree = "<group>"; };
		EBA37BBA26F74CE0005DAAD4 /* YPFilter.swift */ = {isa = PBXFileReference; fileEncoding = 4; lastKnownFileType = sourcecode.swift; path = YPFilter.swift; sourceTree = "<group>"; };
		EBA37BC826F757FF005DAAD4 /* Bundle+Extensions.swift */ = {isa = PBXFileReference; lastKnownFileType = sourcecode.swift; path = "Bundle+Extensions.swift"; sourceTree = "<group>"; };
		EBB0FF7920877A7500C84E25 /* YPVideoView.swift */ = {isa = PBXFileReference; lastKnownFileType = sourcecode.swift; path = YPVideoView.swift; sourceTree = "<group>"; };
		EBD2B640207B7D7400E711C2 /* YPMediaItem.swift */ = {isa = PBXFileReference; lastKnownFileType = sourcecode.swift; path = YPMediaItem.swift; sourceTree = "<group>"; };
		EBD66104208104EA00EA276E /* YPIcons.swift */ = {isa = PBXFileReference; lastKnownFileType = sourcecode.swift; path = YPIcons.swift; sourceTree = "<group>"; };
		EBD66106208104F400EA276E /* YPColors.swift */ = {isa = PBXFileReference; lastKnownFileType = sourcecode.swift; path = YPColors.swift; sourceTree = "<group>"; };
		EBDDF0E62787069E00A372FD /* Package.swift */ = {isa = PBXFileReference; lastKnownFileType = sourcecode.swift; path = Package.swift; sourceTree = "<group>"; };
		EBDDF0EA278784A900A372FD /* Array+Extensions.swift */ = {isa = PBXFileReference; lastKnownFileType = sourcecode.swift; path = "Array+Extensions.swift"; sourceTree = "<group>"; };
		EBE6CA47210389ED005B0A6A /* CIImage+Extensions.swift */ = {isa = PBXFileReference; lastKnownFileType = sourcecode.swift; path = "CIImage+Extensions.swift"; sourceTree = "<group>"; };
/* End PBXFileReference section */

/* Begin PBXFrameworksBuildPhase section */
		52412A8F1CA6114A0073C4BE /* Frameworks */ = {
			isa = PBXFrameworksBuildPhase;
			buildActionMask = 2147483647;
			files = (
				98C5452A2AB99EB200A4D486 /* PryntTrimmerView in Frameworks */,
				98C545282AB99E9D00A4D486 /* Stevia in Frameworks */,
			);
			runOnlyForDeploymentPostprocessing = 0;
		};
		EBA37B4C26F749C6005DAAD4 /* Frameworks */ = {
			isa = PBXFrameworksBuildPhase;
			buildActionMask = 2147483647;
			files = (
				EBA37BCD26F75BCC005DAAD4 /* Stevia in Frameworks */,
				EBA37BD026F75C67005DAAD4 /* PryntTrimmerView in Frameworks */,
				4500082B3B62CA66D64563BC /* Pods_Example.framework in Frameworks */,
			);
			runOnlyForDeploymentPostprocessing = 0;
		};
/* End PBXFrameworksBuildPhase section */

/* Begin PBXGroup section */
		52412A891CA6114A0073C4BE = {
			isa = PBXGroup;
			children = (
				EB84ADD522F35506003667B5 /* YPImagePicker.podspec */,
				EBA37B1426F737CE005DAAD4 /* Podfile */,
				EBDDF0E62787069E00A372FD /* Package.swift */,
				EB5ACE2B2620802A00C3288D /* README.md */,
				99C6D69D1F1FB5C100711DB2 /* Source */,
				EBA37B5026F749C6005DAAD4 /* Example */,
				52412A941CA6114A0073C4BE /* Products */,
				7BB1F1913DC57A6D502383F0 /* Pods */,
				9B8A317E1EBFC107F120642D /* Frameworks */,
			);
			indentWidth = 4;
			sourceTree = "<group>";
			tabWidth = 4;
		};
		52412A941CA6114A0073C4BE /* Products */ = {
			isa = PBXGroup;
			children = (
				52412A931CA6114A0073C4BE /* YPImagePicker.framework */,
				EBA37B4F26F749C6005DAAD4 /* Example.app */,
			);
			name = Products;
			sourceTree = "<group>";
		};
		7BB1F1913DC57A6D502383F0 /* Pods */ = {
			isa = PBXGroup;
			children = (
				1CF8B597BBC32060C9FA476A /* Pods-Example.debug.xcconfig */,
				BEED427CB4F6E5B8C20B6F13 /* Pods-Example.release.xcconfig */,
			);
			path = Pods;
			sourceTree = "<group>";
		};
		99019E4A2018CCB8007325C2 /* BottomPager */ = {
			isa = PBXGroup;
			children = (
				99C6D6AF1F1FB5C100711DB2 /* YPBottomPager.swift */,
				99019E4B2018CCD6007325C2 /* YPBottomPagerView.swift */,
				99019E552018D008007325C2 /* YPMenuItem.swift */,
				99019E4D2018CD31007325C2 /* YPPagerMenu.swift */,
			);
			path = BottomPager;
			sourceTree = "<group>";
		};
		99019E4F2018CDDF007325C2 /* Configuration */ = {
			isa = PBXGroup;
			children = (
				EBD66106208104F400EA276E /* YPColors.swift */,
				327D7B582409510300B9C368 /* YPFonts.swift */,
				EBD66104208104EA00EA276E /* YPIcons.swift */,
				99D1DC2A1F9788930047F0E0 /* YPImagePickerConfiguration.swift */,
				99019E502018CDED007325C2 /* YPImageSize.swift */,
				99019E522018CE19007325C2 /* YPPickerScreen.swift */,
				99472DEC2056E33700419F9E /* YPWordings.swift */,
			);
			path = Configuration;
			sourceTree = "<group>";
		};
		99019E542018CECC007325C2 /* Helpers */ = {
			isa = PBXGroup;
			children = (
				EB473E2C208E1ED800D16105 /* Extensions */,
				EBA37AF526F7300C005DAAD4 /* Permissions */,
				99CF6D26201B739600487F77 /* YPAlerts.swift */,
				AA69BCF122E601D100FBB925 /* YPDeviceOrientationHelper.swift */,
				99C6D6B11F1FB5C100711DB2 /* YPHelper.swift */,
				EB94F28D208E3A140049F523 /* YPLoaders.swift */,
				99B8C4C2208F8EE900127119 /* YPLoadingView.swift */,
				99C6D6B41F1FB5C100711DB2 /* YPPhotoSaver.swift */,
				EB05F6E6214A7191002040AA /* YPVideoProcessor.swift */,
			);
			path = Helpers;
			sourceTree = "<group>";
		};
		99A3C90E20319212008D7E23 /* Crop */ = {
			isa = PBXGroup;
			children = (
				99A3C91120319231008D7E23 /* YPCropVC.swift */,
				99A3C90F20319227008D7E23 /* YPCropView.swift */,
			);
			path = Crop;
			sourceTree = "<group>";
		};
		99C6D6971F1FB5C100711DB2 /* Resources */ = {
			isa = PBXGroup;
			children = (
				99C6D6981F1FB5C100711DB2 /* Assets.xcassets */,
				99C6D6991F1FB5C100711DB2 /* YPImagePickerLocalizable.strings */,
			);
			path = Resources;
			sourceTree = "<group>";
		};
		99C6D69D1F1FB5C100711DB2 /* Source */ = {
			isa = PBXGroup;
			children = (
				99C6D6B81F1FB5C100711DB2 /* YPImagePicker.swift */,
				99C6D6B51F1FB5C100711DB2 /* YPPickerVC.swift */,
				99019E4F2018CDDF007325C2 /* Configuration */,
				EB65C4B3209281A10037858B /* Pages */,
				99C6D6A91F1FB5C100711DB2 /* Filters */,
				EBD2B639207B7B1100E711C2 /* SelectionsGallery */,
				99019E542018CECC007325C2 /* Helpers */,
				EBD2B63D207B7D4E00E711C2 /* Models */,
				99C6D6971F1FB5C100711DB2 /* Resources */,
				99C6D6B31F1FB5C100711DB2 /* Info.plist */,
				99C6D6B21F1FB5C100711DB2 /* YPImagePickerHeader.h */,
			);
			path = Source;
			sourceTree = "<group>";
		};
		99C6D69E1F1FB5C100711DB2 /* Gallery */ = {
			isa = PBXGroup;
			children = (
				EBA37B0E26F73086005DAAD4 /* Album */,
				99019E4A2018CCB8007325C2 /* BottomPager */,
				99CF6D28201B900400487F77 /* LibraryMediaManager.swift */,
				99C6D6A51F1FB5C100711DB2 /* YPAssetViewContainer.swift */,
				99C6D6A41F1FB5C100711DB2 /* YPAssetZoomableView.swift */,
				99C6D6A31F1FB5C100711DB2 /* YPGridView.swift */,
				99CF6D22201B71DC00487F77 /* YPLibrary+LibraryChange.swift */,
				99C6D69F1F1FB5C100711DB2 /* YPLibraryVC.swift */,
				99CF6D20201B70A000487F77 /* YPLibraryVC+CollectionView.swift */,
				99CF6D24201B727900487F77 /* YPLibraryVC+PanGesture.swift */,
				99C6D6A01F1FB5C100711DB2 /* YPLibraryView.swift */,
				99C6D6A11F1FB5C100711DB2 /* YPLibraryView.xib */,
				99C6D6A21F1FB5C100711DB2 /* YPLibraryViewCell.swift */,
				990FD292201B3D69002A39A1 /* YPLibraryViewDelegate.swift */,
			);
			path = Gallery;
			sourceTree = "<group>";
		};
		99C6D6A61F1FB5C100711DB2 /* Photo */ = {
			isa = PBXGroup;
			children = (
				99C6D6A71F1FB5C100711DB2 /* YPCameraVC.swift */,
				99C6D6A81F1FB5C100711DB2 /* YPCameraView.swift */,
				EBA37B0226F7304E005DAAD4 /* YPPhotoCaptureHelper.swift */,
			);
			path = Photo;
			sourceTree = "<group>";
		};
		99C6D6A91F1FB5C100711DB2 /* Filters */ = {
			isa = PBXGroup;
			children = (
				EBA37BC326F74CE9005DAAD4 /* Photo */,
				EB59F44D2087665500811B7B /* Video */,
				99A3C90E20319212008D7E23 /* Crop */,
			);
			path = Filters;
			sourceTree = "<group>";
		};
		99C6D6B61F1FB5C100711DB2 /* Video */ = {
			isa = PBXGroup;
			children = (
				99CF6D2A201CB96700487F77 /* YPVideoCaptureHelper.swift */,
				99C6D6B71F1FB5C100711DB2 /* YPVideoCaptureVC.swift */,
			);
			path = Video;
			sourceTree = "<group>";
		};
		9B8A317E1EBFC107F120642D /* Frameworks */ = {
			isa = PBXGroup;
			children = (
				8856E5E414FCD9DBEA165EA9 /* Pods_Example.framework */,
			);
			name = Frameworks;
			sourceTree = "<group>";
		};
		EB473E2C208E1ED800D16105 /* Extensions */ = {
			isa = PBXGroup;
			children = (
				EB473E1C208E1B9E00D16105 /* AVAsset+Extensions.swift */,
				EB473E2A208E1ECB00D16105 /* AVCaptureDevice+Extensions.swift */,
				EB473E24208E1DCA00D16105 /* AVCaptureSession+Extensions.swift */,
				EB473E18208E198E00D16105 /* AVFileType+Extensions.swift */,
				EB584C02207B990200265B38 /* AVFoundation+Extensions.swift */,
				EB473E1E208E1BCC00D16105 /* AVMutableComposition+Extensions.swift */,
				EB473E22208E1DB000D16105 /* AVPlayer+Extensions.swift */,
				EB1AB2E920AC1DED00BFA79F /* CGFloat+Extensions.swift */,
				99CF6D1E201B6B9E00487F77 /* CGRect+Extensions.swift */,
				EBE6CA47210389ED005B0A6A /* CIImage+Extensions.swift */,
				99CF6D1C201B6ABA00487F77 /* IndexSet+Extensions.swift */,
				EB473E1A208E1B7400D16105 /* NSFileManager+Extensions.swift */,
				990FD296201B4A5F002A39A1 /* PHCachingImageManager+Extensions.swift */,
				990FD298201B67FE002A39A1 /* PHFetchResult+Extensions.swift */,
				327D7B68240CEF2F00B9C368 /* UIBarButtonItem+Extensions.swift */,
				EB5B07C3209146F00099C1FA /* UIButton+Extensions.swift */,
				99CF6D1A201B6A5C00487F77 /* UICollectionView+Extensions.swift */,
				EB867BCE209134F100332A54 /* UIColor+Extensions.swift */,
				9911FA23203C3A31000E9B06 /* UIImage+Extensions.swift */,
				321E6D86240CFABC00D76CD8 /* UINavigationBar+Extensions.swift */,
				EB473E16208E192800D16105 /* URL+Extensions.swift */,
				EBA37BC826F757FF005DAAD4 /* Bundle+Extensions.swift */,
				EBDDF0EA278784A900A372FD /* Array+Extensions.swift */,
			);
			path = Extensions;
			sourceTree = "<group>";
		};
		EB59F44D2087665500811B7B /* Video */ = {
			isa = PBXGroup;
			children = (
				EB59F450208766B800811B7B /* YPVideoFiltersVC.swift */,
				EBB0FF7920877A7500C84E25 /* YPVideoView.swift */,
			);
			path = Video;
			sourceTree = "<group>";
		};
		EB65C4B3209281A10037858B /* Pages */ = {
			isa = PBXGroup;
			children = (
				99C6D69E1F1FB5C100711DB2 /* Gallery */,
				99C6D6A61F1FB5C100711DB2 /* Photo */,
				99C6D6B61F1FB5C100711DB2 /* Video */,
			);
			path = Pages;
			sourceTree = "<group>";
		};
		EBA37AF526F7300C005DAAD4 /* Permissions */ = {
			isa = PBXGroup;
			children = (
				EBA37AF626F7300C005DAAD4 /* YPPermissionCheckable.swift */,
				EBA37AF826F7300C005DAAD4 /* YPPermissionDeniedPopup.swift */,
				EBA37AF726F7300C005DAAD4 /* YPPermissionManager.swift */,
			);
			path = Permissions;
			sourceTree = "<group>";
		};
		EBA37B0E26F73086005DAAD4 /* Album */ = {
			isa = PBXGroup;
			children = (
				EBA37B0426F73080005DAAD4 /* YPAlbum.swift */,
				EBA37B0626F73080005DAAD4 /* YPAlbumCell.swift */,
				EBA37B0726F73080005DAAD4 /* YPAlbumsManager.swift */,
				EBA37B0526F73080005DAAD4 /* YPAlbumVC.swift */,
				EBA37B0826F73080005DAAD4 /* YPAlbumView.swift */,
			);
			path = Album;
			sourceTree = "<group>";
		};
		EBA37B5026F749C6005DAAD4 /* Example */ = {
			isa = PBXGroup;
			children = (
				EBA37B3826F7493A005DAAD4 /* ExampleViewController.swift */,
				EBA37B5126F749C6005DAAD4 /* AppDelegate.swift */,
				EBA37B5A26F749C7005DAAD4 /* Assets.xcassets */,
				EBA37B5C26F749C7005DAAD4 /* LaunchScreen.storyboard */,
				EBA37B5F26F749C7005DAAD4 /* Info.plist */,
			);
			path = Example;
			sourceTree = "<group>";
		};
		EBA37BC326F74CE9005DAAD4 /* Photo */ = {
			isa = PBXGroup;
			children = (
				EBA37BBA26F74CE0005DAAD4 /* YPFilter.swift */,
				EBA37BB826F74CE0005DAAD4 /* YPFilterCollectionViewCell.swift */,
				EBA37BB926F74CE0005DAAD4 /* YPFiltersView.swift */,
				EBA37BB726F74CE0005DAAD4 /* YPPhotoFiltersVC.swift */,
			);
			path = Photo;
			sourceTree = "<group>";
		};
		EBD2B639207B7B1100E711C2 /* SelectionsGallery */ = {
			isa = PBXGroup;
			children = (
				EB584BFD207B883A00265B38 /* YPSelectionsGalleryCell.swift */,
				EB584BF9207B870F00265B38 /* YPSelectionsGalleryVC.swift */,
				99CD962620D179FD009F5084 /* YPSelectionsGalleryView.swift */,
			);
			path = SelectionsGallery;
			sourceTree = "<group>";
		};
		EBD2B63D207B7D4E00E711C2 /* Models */ = {
			isa = PBXGroup;
			children = (
				990FD294201B3E59002A39A1 /* YPDragDirection.swift */,
				EBA37AFE26F7302B005DAAD4 /* YPError.swift */,
				EBA37AFD26F7302B005DAAD4 /* YPFlashMode.swift */,
				9915D9D22087E692003FC307 /* YPLibrarySelection.swift */,
				EBA37AFC26F7302B005DAAD4 /* YPLog.swift */,
				EBD2B640207B7D7400E711C2 /* YPMediaItem.swift */,
				EB473E20208E1BF400D16105 /* YPTrimError.swift */,
			);
			path = Models;
			sourceTree = "<group>";
		};
/* End PBXGroup section */

/* Begin PBXHeadersBuildPhase section */
		52412A901CA6114A0073C4BE /* Headers */ = {
			isa = PBXHeadersBuildPhase;
			buildActionMask = 2147483647;
			files = (
				99C6D6CC1F1FB5C100711DB2 /* YPImagePickerHeader.h in Headers */,
			);
			runOnlyForDeploymentPostprocessing = 0;
		};
/* End PBXHeadersBuildPhase section */

/* Begin PBXNativeTarget section */
		52412A921CA6114A0073C4BE /* YPImagePicker */ = {
			isa = PBXNativeTarget;
			buildConfigurationList = 52412A9B1CA6114A0073C4BE /* Build configuration list for PBXNativeTarget "YPImagePicker" */;
			buildPhases = (
				52412A8E1CA6114A0073C4BE /* Sources */,
				52412A8F1CA6114A0073C4BE /* Frameworks */,
				52412A901CA6114A0073C4BE /* Headers */,
				52412A911CA6114A0073C4BE /* Resources */,
				9945C1DD1E8141AB00AE1C57 /* SwiftLint */,
				EBA37B3126F74228005DAAD4 /* Embed Frameworks */,
			);
			buildRules = (
			);
			dependencies = (
			);
			name = YPImagePicker;
			packageProductDependencies = (
				98C545272AB99E9D00A4D486 /* Stevia */,
				98C545292AB99EB200A4D486 /* PryntTrimmerView */,
			);
			productName = Fusuma;
			productReference = 52412A931CA6114A0073C4BE /* YPImagePicker.framework */;
			productType = "com.apple.product-type.framework";
		};
		EBA37B4E26F749C6005DAAD4 /* Example */ = {
			isa = PBXNativeTarget;
			buildConfigurationList = EBA37B6026F749C7005DAAD4 /* Build configuration list for PBXNativeTarget "Example" */;
			buildPhases = (
				1440C3DA242B54F83BBBDA2D /* [CP] Check Pods Manifest.lock */,
				EBA37B4B26F749C6005DAAD4 /* Sources */,
				EBA37B4C26F749C6005DAAD4 /* Frameworks */,
				EBA37B4D26F749C6005DAAD4 /* Resources */,
				D4D6E1FE6907765343ED741C /* [CP] Embed Pods Frameworks */,
			);
			buildRules = (
			);
			dependencies = (
			);
			name = Example;
			packageProductDependencies = (
				EBA37BCC26F75BCC005DAAD4 /* Stevia */,
				EBA37BCF26F75C67005DAAD4 /* PryntTrimmerView */,
			);
			productName = YPIPExample;
			productReference = EBA37B4F26F749C6005DAAD4 /* Example.app */;
			productType = "com.apple.product-type.application";
		};
/* End PBXNativeTarget section */

/* Begin PBXProject section */
		52412A8A1CA6114A0073C4BE /* Project object */ = {
			isa = PBXProject;
			attributes = {
				LastSwiftUpdateCheck = 1250;
				LastUpgradeCheck = 1200;
				ORGANIZATIONNAME = Yummypets;
				TargetAttributes = {
					52412A921CA6114A0073C4BE = {
						CreatedOnToolsVersion = 7.3;
						LastSwiftMigration = 1020;
						ProvisioningStyle = Manual;
					};
					EBA37B4E26F749C6005DAAD4 = {
						CreatedOnToolsVersion = 12.5.1;
						DevelopmentTeam = B3U3XRF8D7;
						ProvisioningStyle = Automatic;
					};
				};
			};
			buildConfigurationList = 52412A8D1CA6114A0073C4BE /* Build configuration list for PBXProject "YPImagePicker" */;
			compatibilityVersion = "Xcode 3.2";
			developmentRegion = en;
			hasScannedForEncodings = 0;
			knownRegions = (
				en,
				fr,
				es,
				nl,
				ru,
				"pt-BR",
				tr,
				ar,
				de,
				it,
				ja,
				"zh-Hans",
				id,
				bg,
				ko,
				"zh-Hant",
				Base,
				th,
				vi,
				pl,
				km,
				"km-KH",
				da,
				ro,
				sv,
				fa,
				cs,
			);
			mainGroup = 52412A891CA6114A0073C4BE;
			packageReferences = (
				EBA37BCB26F75BCC005DAAD4 /* XCRemoteSwiftPackageReference "Stevia" */,
				EBA37BCE26F75C67005DAAD4 /* XCRemoteSwiftPackageReference "PryntTrimmerView" */,
			);
			productRefGroup = 52412A941CA6114A0073C4BE /* Products */;
			projectDirPath = "";
			projectRoot = "";
			targets = (
				EBA37B4E26F749C6005DAAD4 /* Example */,
				52412A921CA6114A0073C4BE /* YPImagePicker */,
			);
		};
/* End PBXProject section */

/* Begin PBXResourcesBuildPhase section */
		52412A911CA6114A0073C4BE /* Resources */ = {
			isa = PBXResourcesBuildPhase;
			buildActionMask = 2147483647;
			files = (
				8458057421819B95004F241C /* YPImagePickerLocalizable.strings in Resources */,
				99C6D6B91F1FB5C100711DB2 /* Assets.xcassets in Resources */,
				99C6D6BD1F1FB5C100711DB2 /* YPLibraryView.xib in Resources */,
			);
			runOnlyForDeploymentPostprocessing = 0;
		};
		EBA37B4D26F749C6005DAAD4 /* Resources */ = {
			isa = PBXResourcesBuildPhase;
			buildActionMask = 2147483647;
			files = (
				EBA37B5E26F749C7005DAAD4 /* LaunchScreen.storyboard in Resources */,
				EBA37BC426F750DE005DAAD4 /* YPLibraryView.xib in Resources */,
				EBA37B5B26F749C7005DAAD4 /* Assets.xcassets in Resources */,
				EBA37BC726F75151005DAAD4 /* YPImagePickerLocalizable.strings in Resources */,
				EBA37BC626F75144005DAAD4 /* Assets.xcassets in Resources */,
			);
			runOnlyForDeploymentPostprocessing = 0;
		};
/* End PBXResourcesBuildPhase section */

/* Begin PBXShellScriptBuildPhase section */
		1440C3DA242B54F83BBBDA2D /* [CP] Check Pods Manifest.lock */ = {
			isa = PBXShellScriptBuildPhase;
			buildActionMask = 2147483647;
			files = (
			);
			inputFileListPaths = (
			);
			inputPaths = (
				"${PODS_PODFILE_DIR_PATH}/Podfile.lock",
				"${PODS_ROOT}/Manifest.lock",
			);
			name = "[CP] Check Pods Manifest.lock";
			outputFileListPaths = (
			);
			outputPaths = (
				"$(DERIVED_FILE_DIR)/Pods-Example-checkManifestLockResult.txt",
			);
			runOnlyForDeploymentPostprocessing = 0;
			shellPath = /bin/sh;
			shellScript = "diff \"${PODS_PODFILE_DIR_PATH}/Podfile.lock\" \"${PODS_ROOT}/Manifest.lock\" > /dev/null\nif [ $? != 0 ] ; then\n    # print error to STDERR\n    echo \"error: The sandbox is not in sync with the Podfile.lock. Run 'pod install' or update your CocoaPods installation.\" >&2\n    exit 1\nfi\n# This output is used by Xcode 'outputs' to avoid re-running this script phase.\necho \"SUCCESS\" > \"${SCRIPT_OUTPUT_FILE_0}\"\n";
			showEnvVarsInLog = 0;
		};
		9945C1DD1E8141AB00AE1C57 /* SwiftLint */ = {
			isa = PBXShellScriptBuildPhase;
			buildActionMask = 8;
			files = (
			);
			inputPaths = (
			);
			name = SwiftLint;
			outputPaths = (
			);
			runOnlyForDeploymentPostprocessing = 1;
			shellPath = /bin/sh;
			shellScript = "if which swiftlint >/dev/null; then\nswiftlint\nelse\necho \"warning: SwiftLint not installed, download from https://github.com/realm/SwiftLint\"\nfi\n";
		};
		D4D6E1FE6907765343ED741C /* [CP] Embed Pods Frameworks */ = {
			isa = PBXShellScriptBuildPhase;
			buildActionMask = 2147483647;
			files = (
			);
			inputPaths = (
				"${PODS_ROOT}/Target Support Files/Pods-Example/Pods-Example-frameworks.sh",
				"${BUILT_PRODUCTS_DIR}/PryntTrimmerView/PryntTrimmerView.framework",
				"${BUILT_PRODUCTS_DIR}/SteviaLayout/Stevia.framework",
			);
			name = "[CP] Embed Pods Frameworks";
			outputPaths = (
				"${TARGET_BUILD_DIR}/${FRAMEWORKS_FOLDER_PATH}/PryntTrimmerView.framework",
				"${TARGET_BUILD_DIR}/${FRAMEWORKS_FOLDER_PATH}/Stevia.framework",
			);
			runOnlyForDeploymentPostprocessing = 0;
			shellPath = /bin/sh;
			shellScript = "\"${PODS_ROOT}/Target Support Files/Pods-Example/Pods-Example-frameworks.sh\"\n";
			showEnvVarsInLog = 0;
		};
/* End PBXShellScriptBuildPhase section */

/* Begin PBXSourcesBuildPhase section */
		52412A8E1CA6114A0073C4BE /* Sources */ = {
			isa = PBXSourcesBuildPhase;
			buildActionMask = 2147483647;
			files = (
				EB05F6E7214A7191002040AA /* YPVideoProcessor.swift in Sources */,
				990FD293201B3D69002A39A1 /* YPLibraryViewDelegate.swift in Sources */,
				EB473E23208E1DB000D16105 /* AVPlayer+Extensions.swift in Sources */,
				EBD2B641207B7D7400E711C2 /* YPMediaItem.swift in Sources */,
				99D1DC2B1F9788930047F0E0 /* YPImagePickerConfiguration.swift in Sources */,
				99B8C4C3208F8EE900127119 /* YPLoadingView.swift in Sources */,
				EBA37AFB26F7300C005DAAD4 /* YPPermissionDeniedPopup.swift in Sources */,
				990FD297201B4A5F002A39A1 /* PHCachingImageManager+Extensions.swift in Sources */,
				99CF6D23201B71DC00487F77 /* YPLibrary+LibraryChange.swift in Sources */,
				990FD295201B3E59002A39A1 /* YPDragDirection.swift in Sources */,
				99CF6D21201B70A000487F77 /* YPLibraryVC+CollectionView.swift in Sources */,
				EBA37BC026F74CE0005DAAD4 /* YPFiltersView.swift in Sources */,
				99CF6D1B201B6A5C00487F77 /* UICollectionView+Extensions.swift in Sources */,
				EBA37B0A26F73080005DAAD4 /* YPAlbumVC.swift in Sources */,
				99C6D6C11F1FB5C100711DB2 /* YPAssetViewContainer.swift in Sources */,
				EB473E17208E192800D16105 /* URL+Extensions.swift in Sources */,
				EB473E2B208E1ECB00D16105 /* AVCaptureDevice+Extensions.swift in Sources */,
				EBA37B0026F7302B005DAAD4 /* YPFlashMode.swift in Sources */,
				99A3C91020319227008D7E23 /* YPCropView.swift in Sources */,
				99C6D6D11F1FB5C100711DB2 /* YPImagePicker.swift in Sources */,
				327D7B592409510300B9C368 /* YPFonts.swift in Sources */,
				99019E4C2018CCD6007325C2 /* YPBottomPagerView.swift in Sources */,
				99C6D6BB1F1FB5C100711DB2 /* YPLibraryVC.swift in Sources */,
				99C6D6CB1F1FB5C100711DB2 /* YPHelper.swift in Sources */,
				EB5B07C4209146F00099C1FA /* UIButton+Extensions.swift in Sources */,
				99019E532018CE19007325C2 /* YPPickerScreen.swift in Sources */,
				327D7B69240CEF2F00B9C368 /* UIBarButtonItem+Extensions.swift in Sources */,
				EBA37BCA26F757FF005DAAD4 /* Bundle+Extensions.swift in Sources */,
				99CF6D1F201B6B9E00487F77 /* CGRect+Extensions.swift in Sources */,
				99CF6D1D201B6ABA00487F77 /* IndexSet+Extensions.swift in Sources */,
				EB59F452208766B800811B7B /* YPVideoFiltersVC.swift in Sources */,
				EB473E1D208E1B9E00D16105 /* AVAsset+Extensions.swift in Sources */,
				9911FA24203C3A31000E9B06 /* UIImage+Extensions.swift in Sources */,
				EBA37B0926F73080005DAAD4 /* YPAlbum.swift in Sources */,
				EB584BFF207B883A00265B38 /* YPSelectionsGalleryCell.swift in Sources */,
				99C6D6CE1F1FB5C100711DB2 /* YPPhotoSaver.swift in Sources */,
				99C6D6C31F1FB5C100711DB2 /* YPCameraView.swift in Sources */,
				99019E562018D008007325C2 /* YPMenuItem.swift in Sources */,
				AA69BCF222E601D100FBB925 /* YPDeviceOrientationHelper.swift in Sources */,
				9915D9D32087E692003FC307 /* YPLibrarySelection.swift in Sources */,
				EB1AB2EA20AC1DED00BFA79F /* CGFloat+Extensions.swift in Sources */,
				99C6D6C21F1FB5C100711DB2 /* YPCameraVC.swift in Sources */,
				990FD299201B67FE002A39A1 /* PHFetchResult+Extensions.swift in Sources */,
				EB473E1B208E1B7400D16105 /* NSFileManager+Extensions.swift in Sources */,
				EBA37B0126F7302B005DAAD4 /* YPError.swift in Sources */,
				EBA37AF926F7300C005DAAD4 /* YPPermissionCheckable.swift in Sources */,
				EB473E21208E1BF400D16105 /* YPTrimError.swift in Sources */,
				EB584C03207B990200265B38 /* AVFoundation+Extensions.swift in Sources */,
				99C6D6BF1F1FB5C100711DB2 /* YPGridView.swift in Sources */,
				99C6D6D01F1FB5C100711DB2 /* YPVideoCaptureVC.swift in Sources */,
				EB473E25208E1DCA00D16105 /* AVCaptureSession+Extensions.swift in Sources */,
				EBB0FF7A20877A7500C84E25 /* YPVideoView.swift in Sources */,
				EB473E19208E198E00D16105 /* AVFileType+Extensions.swift in Sources */,
				EBA37AFF26F7302B005DAAD4 /* YPLog.swift in Sources */,
				EBD66105208104EA00EA276E /* YPIcons.swift in Sources */,
				EB473E1F208E1BCC00D16105 /* AVMutableComposition+Extensions.swift in Sources */,
				99472DED2056E33700419F9E /* YPWordings.swift in Sources */,
				EBA37B0326F7304E005DAAD4 /* YPPhotoCaptureHelper.swift in Sources */,
				99C6D6BC1F1FB5C100711DB2 /* YPLibraryView.swift in Sources */,
				321E6D87240CFABC00D76CD8 /* UINavigationBar+Extensions.swift in Sources */,
				99A3C91220319231008D7E23 /* YPCropVC.swift in Sources */,
				EBA37BC226F74CE0005DAAD4 /* YPFilter.swift in Sources */,
				EB584BFB207B870F00265B38 /* YPSelectionsGalleryVC.swift in Sources */,
				99019E512018CDED007325C2 /* YPImageSize.swift in Sources */,
				99CF6D25201B727900487F77 /* YPLibraryVC+PanGesture.swift in Sources */,
				99CF6D27201B739600487F77 /* YPAlerts.swift in Sources */,
				99C6D6CF1F1FB5C100711DB2 /* YPPickerVC.swift in Sources */,
				EBA37BBE26F74CE0005DAAD4 /* YPFilterCollectionViewCell.swift in Sources */,
				EB94F28E208E3A140049F523 /* YPLoaders.swift in Sources */,
				99CF6D29201B900400487F77 /* LibraryMediaManager.swift in Sources */,
				99CD962720D179FD009F5084 /* YPSelectionsGalleryView.swift in Sources */,
				99C6D6BE1F1FB5C100711DB2 /* YPLibraryViewCell.swift in Sources */,
				EBA37B0D26F73080005DAAD4 /* YPAlbumView.swift in Sources */,
				99C6D6C91F1FB5C100711DB2 /* YPBottomPager.swift in Sources */,
				EBA37BBC26F74CE0005DAAD4 /* YPPhotoFiltersVC.swift in Sources */,
				99CF6D2B201CB96700487F77 /* YPVideoCaptureHelper.swift in Sources */,
				EBDDF0EC278784A900A372FD /* Array+Extensions.swift in Sources */,
				EBA37AFA26F7300C005DAAD4 /* YPPermissionManager.swift in Sources */,
				99019E4E2018CD31007325C2 /* YPPagerMenu.swift in Sources */,
				99C6D6C01F1FB5C100711DB2 /* YPAssetZoomableView.swift in Sources */,
				EB867BCF209134F100332A54 /* UIColor+Extensions.swift in Sources */,
				EBD66107208104F400EA276E /* YPColors.swift in Sources */,
				EBA37B0B26F73080005DAAD4 /* YPAlbumCell.swift in Sources */,
				EBE6CA48210389ED005B0A6A /* CIImage+Extensions.swift in Sources */,
				EBA37B0C26F73080005DAAD4 /* YPAlbumsManager.swift in Sources */,
			);
			runOnlyForDeploymentPostprocessing = 0;
		};
		EBA37B4B26F749C6005DAAD4 /* Sources */ = {
			isa = PBXSourcesBuildPhase;
			buildActionMask = 2147483647;
			files = (
				EBA37BBB26F74CE0005DAAD4 /* YPPhotoFiltersVC.swift in Sources */,
				EBA37B8F26F74CBA005DAAD4 /* AVFileType+Extensions.swift in Sources */,
				EBA37B7026F74CBA005DAAD4 /* YPError.swift in Sources */,
				EBA37B9F26F74CBA005DAAD4 /* YPImagePickerConfiguration.swift in Sources */,
				EBA37BB626F74CBB005DAAD4 /* YPCameraView.swift in Sources */,
				EBA37B8726F74CBA005DAAD4 /* YPLibraryViewCell.swift in Sources */,
				EBA37B9626F74CBA005DAAD4 /* YPGridView.swift in Sources */,
				EBA37B9B26F74CBA005DAAD4 /* UINavigationBar+Extensions.swift in Sources */,
				EBA37B7D26F74CBA005DAAD4 /* URL+Extensions.swift in Sources */,
				EBA37B6926F74CBA005DAAD4 /* UIBarButtonItem+Extensions.swift in Sources */,
				EBA37B6326F74A7F005DAAD4 /* ExampleViewController.swift in Sources */,
				EBA37B7A26F74CBA005DAAD4 /* PHCachingImageManager+Extensions.swift in Sources */,
				EBA37BA926F74CBA005DAAD4 /* YPLibraryViewDelegate.swift in Sources */,
				EBA37B8D26F74CBA005DAAD4 /* YPVideoCaptureVC.swift in Sources */,
				EBA37BC126F74CE0005DAAD4 /* YPFilter.swift in Sources */,
				EBA37BAE26F74CBA005DAAD4 /* YPAlbumVC.swift in Sources */,
				EBA37BA426F74CBA005DAAD4 /* UICollectionView+Extensions.swift in Sources */,
				EBA37BA726F74CBA005DAAD4 /* YPMenuItem.swift in Sources */,
				EBA37B6626F74CBA005DAAD4 /* YPLoadingView.swift in Sources */,
				EBA37BAB26F74CBA005DAAD4 /* YPCropView.swift in Sources */,
				EBA37BAD26F74CBA005DAAD4 /* YPPermissionManager.swift in Sources */,
				EBA37B7B26F74CBA005DAAD4 /* AVCaptureSession+Extensions.swift in Sources */,
				EBA37B6F26F74CBA005DAAD4 /* UIImage+Extensions.swift in Sources */,
				EBA37BC926F757FF005DAAD4 /* Bundle+Extensions.swift in Sources */,
				EBA37BA226F74CBA005DAAD4 /* YPDeviceOrientationHelper.swift in Sources */,
				EBA37B9326F74CBA005DAAD4 /* YPBottomPagerView.swift in Sources */,
				EBA37B7226F74CBA005DAAD4 /* YPPickerScreen.swift in Sources */,
				EBA37B7F26F74CBA005DAAD4 /* YPPermissionCheckable.swift in Sources */,
				EBA37B9826F74CBA005DAAD4 /* YPVideoProcessor.swift in Sources */,
				EBA37B8526F74CBA005DAAD4 /* YPLibraryVC.swift in Sources */,
				EBA37B9E26F74CBA005DAAD4 /* YPDragDirection.swift in Sources */,
				EBDDF0EB278784A900A372FD /* Array+Extensions.swift in Sources */,
				EBA37B5226F749C6005DAAD4 /* AppDelegate.swift in Sources */,
				EBA37BB126F74CBA005DAAD4 /* YPLoaders.swift in Sources */,
				EBA37B7526F74CBA005DAAD4 /* YPLibraryVC+PanGesture.swift in Sources */,
				EBA37B8426F74CBA005DAAD4 /* YPColors.swift in Sources */,
				EBA37B9726F74CBA005DAAD4 /* AVPlayer+Extensions.swift in Sources */,
				EBA37B6426F74C9A005DAAD4 /* YPImagePicker.swift in Sources */,
				EBA37B8A26F74CBA005DAAD4 /* YPLog.swift in Sources */,
				EBA37B9A26F74CBA005DAAD4 /* YPLibrarySelection.swift in Sources */,
				EBA37B7C26F74CBA005DAAD4 /* UIButton+Extensions.swift in Sources */,
				EBA37B6C26F74CBA005DAAD4 /* YPAlbumsManager.swift in Sources */,
				EBA37B9C26F74CBA005DAAD4 /* CGFloat+Extensions.swift in Sources */,
				EBA37B7426F74CBA005DAAD4 /* YPVideoView.swift in Sources */,
				EBA37B8926F74CBA005DAAD4 /* YPAlerts.swift in Sources */,
				EBA37B9526F74CBA005DAAD4 /* AVCaptureDevice+Extensions.swift in Sources */,
				EBA37B9426F74CBA005DAAD4 /* YPAssetZoomableView.swift in Sources */,
				EBA37BA126F74CBA005DAAD4 /* AVAsset+Extensions.swift in Sources */,
				EBA37B8626F74CBA005DAAD4 /* YPWordings.swift in Sources */,
				EBA37BAC26F74CBA005DAAD4 /* YPHelper.swift in Sources */,
				EBA37B8C26F74CBA005DAAD4 /* YPAlbumCell.swift in Sources */,
				EBA37BA626F74CBA005DAAD4 /* IndexSet+Extensions.swift in Sources */,
				EBA37BB526F74CBB005DAAD4 /* YPAlbum.swift in Sources */,
				EBA37BA026F74CBA005DAAD4 /* YPPhotoCaptureHelper.swift in Sources */,
				EBA37BBF26F74CE0005DAAD4 /* YPFiltersView.swift in Sources */,
				EBA37B8026F74CBA005DAAD4 /* NSFileManager+Extensions.swift in Sources */,
				EBA37B7326F74CBA005DAAD4 /* YPSelectionsGalleryVC.swift in Sources */,
				EBA37B8126F74CBA005DAAD4 /* PHFetchResult+Extensions.swift in Sources */,
				EBA37BB026F74CBA005DAAD4 /* YPVideoCaptureHelper.swift in Sources */,
				EBA37B7126F74CBA005DAAD4 /* YPLibraryVC+CollectionView.swift in Sources */,
				EBA37B8B26F74CBA005DAAD4 /* YPIcons.swift in Sources */,
				EBA37BB426F74CBB005DAAD4 /* YPLibraryView.swift in Sources */,
				EBA37B8E26F74CBA005DAAD4 /* YPSelectionsGalleryCell.swift in Sources */,
				EBA37BA326F74CBA005DAAD4 /* YPAssetViewContainer.swift in Sources */,
				EBA37B9D26F74CBA005DAAD4 /* YPImageSize.swift in Sources */,
				EBA37B9926F74CBA005DAAD4 /* YPFlashMode.swift in Sources */,
				EBA37BBD26F74CE0005DAAD4 /* YPFilterCollectionViewCell.swift in Sources */,
				EBA37B8326F74CBA005DAAD4 /* CIImage+Extensions.swift in Sources */,
				EBA37BAA26F74CBA005DAAD4 /* YPCameraVC.swift in Sources */,
				EBA37B6526F74C9A005DAAD4 /* YPPickerVC.swift in Sources */,
				EBA37B9026F74CBA005DAAD4 /* AVMutableComposition+Extensions.swift in Sources */,
				EBA37B6726F74CBA005DAAD4 /* YPFonts.swift in Sources */,
				EBA37B6D26F74CBA005DAAD4 /* YPLibrary+LibraryChange.swift in Sources */,
				EBA37B6A26F74CBA005DAAD4 /* UIColor+Extensions.swift in Sources */,
				EBA37BAF26F74CBA005DAAD4 /* YPSelectionsGalleryView.swift in Sources */,
				EBA37B7626F74CBA005DAAD4 /* YPVideoFiltersVC.swift in Sources */,
				EBA37B6826F74CBA005DAAD4 /* LibraryMediaManager.swift in Sources */,
				EBA37BB326F74CBB005DAAD4 /* YPMediaItem.swift in Sources */,
				EBA37B8826F74CBA005DAAD4 /* YPPagerMenu.swift in Sources */,
				EBA37BA526F74CBA005DAAD4 /* AVFoundation+Extensions.swift in Sources */,
				EBA37B9126F74CBA005DAAD4 /* YPTrimError.swift in Sources */,
				EBA37B6E26F74CBA005DAAD4 /* YPPermissionDeniedPopup.swift in Sources */,
				EBA37B9226F74CBA005DAAD4 /* YPAlbumView.swift in Sources */,
				EBA37BB226F74CBB005DAAD4 /* YPBottomPager.swift in Sources */,
				EBA37B8226F74CBA005DAAD4 /* YPPhotoSaver.swift in Sources */,
				EBA37B6B26F74CBA005DAAD4 /* CGRect+Extensions.swift in Sources */,
				EBA37B7926F74CBA005DAAD4 /* YPCropVC.swift in Sources */,
			);
			runOnlyForDeploymentPostprocessing = 0;
		};
/* End PBXSourcesBuildPhase section */

/* Begin PBXVariantGroup section */
		99C6D6991F1FB5C100711DB2 /* YPImagePickerLocalizable.strings */ = {
			isa = PBXVariantGroup;
			children = (
				99C6D69A1F1FB5C100711DB2 /* en */,
				99C6D69B1F1FB5C100711DB2 /* es */,
				99C6D69C1F1FB5C100711DB2 /* fr */,
				991C0E5320567D3400764131 /* nl */,
				EB11EE9820572F3700A19365 /* ru */,
				7157B4CA206FD7270004EF6C /* pt-BR */,
				3B0E1B962070669B0048E95B /* tr */,
				A7FD716620755C2D0044A8E8 /* ar */,
				4EA67521208A45080076D4E3 /* de */,
				99BEB97A20A9DE5F00FFEB55 /* it */,
				E5287F5820B908720052153D /* ja */,
				5F01F9DC20DCC494007432E4 /* zh-Hans */,
				65BBCBAE2101BA4200277809 /* id */,
				16550C5C214D5EE60090BADF /* bg */,
				E3E492BB2169012B002BA807 /* ko */,
				991712D021BE9FF900DE781F /* zh-Hant */,
				2577138123B1E09300BB9C86 /* th */,
				2577138223B1E09E00BB9C86 /* vi */,
				78B58D3524C5DB5200B83153 /* pl */,
				4F6EC26224FE5C2900277082 /* km */,
				4F6EC26324FE5C3C00277082 /* km-KH */,
				EB0D6FC2252F1FDC006EE12E /* da */,
				166695DE253EFF0100F6EF9E /* ro */,
				5BB46873254497250083DFEA /* sv */,
				7222273C254C031100CAB087 /* fa */,
				DC3DAC4526C6FCAA007FD95A /* cs */,
			);
			name = YPImagePickerLocalizable.strings;
			sourceTree = "<group>";
		};
		EBA37B5C26F749C7005DAAD4 /* LaunchScreen.storyboard */ = {
			isa = PBXVariantGroup;
			children = (
				EBA37B5D26F749C7005DAAD4 /* Base */,
			);
			name = LaunchScreen.storyboard;
			sourceTree = "<group>";
		};
/* End PBXVariantGroup section */

/* Begin XCBuildConfiguration section */
		52412A991CA6114A0073C4BE /* Debug */ = {
			isa = XCBuildConfiguration;
			buildSettings = {
				ALWAYS_SEARCH_USER_PATHS = NO;
				CLANG_ANALYZER_LOCALIZABILITY_NONLOCALIZED = YES;
				CLANG_ANALYZER_NONNULL = YES;
				CLANG_CXX_LANGUAGE_STANDARD = "gnu++0x";
				CLANG_CXX_LIBRARY = "libc++";
				CLANG_ENABLE_CODE_COVERAGE = NO;
				CLANG_ENABLE_MODULES = YES;
				CLANG_ENABLE_OBJC_ARC = YES;
				CLANG_WARN_BLOCK_CAPTURE_AUTORELEASING = YES;
				CLANG_WARN_BOOL_CONVERSION = YES;
				CLANG_WARN_COMMA = YES;
				CLANG_WARN_CONSTANT_CONVERSION = YES;
				CLANG_WARN_DEPRECATED_OBJC_IMPLEMENTATIONS = YES;
				CLANG_WARN_DIRECT_OBJC_ISA_USAGE = YES_ERROR;
				CLANG_WARN_EMPTY_BODY = YES;
				CLANG_WARN_ENUM_CONVERSION = YES;
				CLANG_WARN_INFINITE_RECURSION = YES;
				CLANG_WARN_INT_CONVERSION = YES;
				CLANG_WARN_NON_LITERAL_NULL_CONVERSION = YES;
				CLANG_WARN_OBJC_IMPLICIT_RETAIN_SELF = YES;
				CLANG_WARN_OBJC_LITERAL_CONVERSION = YES;
				CLANG_WARN_OBJC_ROOT_CLASS = YES_ERROR;
				CLANG_WARN_QUOTED_INCLUDE_IN_FRAMEWORK_HEADER = YES;
				CLANG_WARN_RANGE_LOOP_ANALYSIS = YES;
				CLANG_WARN_STRICT_PROTOTYPES = YES;
				CLANG_WARN_SUSPICIOUS_MOVE = YES;
				CLANG_WARN_UNREACHABLE_CODE = YES;
				CLANG_WARN__DUPLICATE_METHOD_MATCH = YES;
				"CODE_SIGN_IDENTITY[sdk=iphoneos*]" = "iPhone Developer";
				COPY_PHASE_STRIP = NO;
				CURRENT_PROJECT_VERSION = 1;
				DEBUG_INFORMATION_FORMAT = dwarf;
				ENABLE_STRICT_OBJC_MSGSEND = YES;
				ENABLE_TESTABILITY = YES;
				GCC_C_LANGUAGE_STANDARD = gnu99;
				GCC_DYNAMIC_NO_PIC = NO;
				GCC_NO_COMMON_BLOCKS = YES;
				GCC_OPTIMIZATION_LEVEL = 0;
				GCC_PREPROCESSOR_DEFINITIONS = (
					"DEBUG=1",
					"$(inherited)",
				);
				GCC_WARN_64_TO_32_BIT_CONVERSION = YES;
				GCC_WARN_ABOUT_RETURN_TYPE = YES_ERROR;
				GCC_WARN_UNDECLARED_SELECTOR = YES;
				GCC_WARN_UNINITIALIZED_AUTOS = YES_AGGRESSIVE;
				GCC_WARN_UNUSED_FUNCTION = YES;
				GCC_WARN_UNUSED_VARIABLE = YES;
				IPHONEOS_DEPLOYMENT_TARGET = 12.0;
				MTL_ENABLE_DEBUG_INFO = YES;
				ONLY_ACTIVE_ARCH = YES;
				SDKROOT = iphoneos;
				SWIFT_OPTIMIZATION_LEVEL = "-Onone";
				SWIFT_VERSION = 5.0;
				TARGETED_DEVICE_FAMILY = "1,2";
				VERSIONING_SYSTEM = "apple-generic";
				VERSION_INFO_PREFIX = "";
			};
			name = Debug;
		};
		52412A9A1CA6114A0073C4BE /* Release */ = {
			isa = XCBuildConfiguration;
			buildSettings = {
				ALWAYS_SEARCH_USER_PATHS = NO;
				CLANG_ANALYZER_LOCALIZABILITY_NONLOCALIZED = YES;
				CLANG_ANALYZER_NONNULL = YES;
				CLANG_CXX_LANGUAGE_STANDARD = "gnu++0x";
				CLANG_CXX_LIBRARY = "libc++";
				CLANG_ENABLE_CODE_COVERAGE = NO;
				CLANG_ENABLE_MODULES = YES;
				CLANG_ENABLE_OBJC_ARC = YES;
				CLANG_WARN_BLOCK_CAPTURE_AUTORELEASING = YES;
				CLANG_WARN_BOOL_CONVERSION = YES;
				CLANG_WARN_COMMA = YES;
				CLANG_WARN_CONSTANT_CONVERSION = YES;
				CLANG_WARN_DEPRECATED_OBJC_IMPLEMENTATIONS = YES;
				CLANG_WARN_DIRECT_OBJC_ISA_USAGE = YES_ERROR;
				CLANG_WARN_EMPTY_BODY = YES;
				CLANG_WARN_ENUM_CONVERSION = YES;
				CLANG_WARN_INFINITE_RECURSION = YES;
				CLANG_WARN_INT_CONVERSION = YES;
				CLANG_WARN_NON_LITERAL_NULL_CONVERSION = YES;
				CLANG_WARN_OBJC_IMPLICIT_RETAIN_SELF = YES;
				CLANG_WARN_OBJC_LITERAL_CONVERSION = YES;
				CLANG_WARN_OBJC_ROOT_CLASS = YES_ERROR;
				CLANG_WARN_QUOTED_INCLUDE_IN_FRAMEWORK_HEADER = YES;
				CLANG_WARN_RANGE_LOOP_ANALYSIS = YES;
				CLANG_WARN_STRICT_PROTOTYPES = YES;
				CLANG_WARN_SUSPICIOUS_MOVE = YES;
				CLANG_WARN_UNREACHABLE_CODE = YES;
				CLANG_WARN__DUPLICATE_METHOD_MATCH = YES;
				"CODE_SIGN_IDENTITY[sdk=iphoneos*]" = "iPhone Developer";
				COPY_PHASE_STRIP = NO;
				CURRENT_PROJECT_VERSION = 1;
				DEBUG_INFORMATION_FORMAT = "dwarf-with-dsym";
				ENABLE_NS_ASSERTIONS = NO;
				ENABLE_STRICT_OBJC_MSGSEND = YES;
				GCC_C_LANGUAGE_STANDARD = gnu99;
				GCC_NO_COMMON_BLOCKS = YES;
				GCC_WARN_64_TO_32_BIT_CONVERSION = YES;
				GCC_WARN_ABOUT_RETURN_TYPE = YES_ERROR;
				GCC_WARN_UNDECLARED_SELECTOR = YES;
				GCC_WARN_UNINITIALIZED_AUTOS = YES_AGGRESSIVE;
				GCC_WARN_UNUSED_FUNCTION = YES;
				GCC_WARN_UNUSED_VARIABLE = YES;
				IPHONEOS_DEPLOYMENT_TARGET = 12.0;
				MTL_ENABLE_DEBUG_INFO = NO;
				ONLY_ACTIVE_ARCH = YES;
				SDKROOT = iphoneos;
				SWIFT_COMPILATION_MODE = wholemodule;
				SWIFT_OPTIMIZATION_LEVEL = "-O";
				SWIFT_VERSION = 5.0;
				TARGETED_DEVICE_FAMILY = "1,2";
				VALIDATE_PRODUCT = YES;
				VERSIONING_SYSTEM = "apple-generic";
				VERSION_INFO_PREFIX = "";
			};
			name = Release;
		};
		52412A9C1CA6114A0073C4BE /* Debug */ = {
			isa = XCBuildConfiguration;
			buildSettings = {
				CLANG_ENABLE_MODULES = YES;
				CODE_SIGN_IDENTITY = "";
				"CODE_SIGN_IDENTITY[sdk=iphoneos*]" = "";
				CODE_SIGN_STYLE = Manual;
				DEFINES_MODULE = YES;
				DEVELOPMENT_TEAM = "";
				DYLIB_COMPATIBILITY_VERSION = 1;
				DYLIB_CURRENT_VERSION = 1;
				DYLIB_INSTALL_NAME_BASE = "@rpath";
				FRAMEWORK_SEARCH_PATHS = (
					"$(PROJECT_DIR)/Resources",
					"$(PROJECT_DIR)/Source",
					"$(inherited)",
				);
				INFOPLIST_FILE = Source/Info.plist;
				INSTALL_PATH = "$(LOCAL_LIBRARY_DIR)/Frameworks";
				IPHONEOS_DEPLOYMENT_TARGET = 12.0;
				LD_RUNPATH_SEARCH_PATHS = (
					"$(inherited)",
					"@executable_path/Frameworks",
					"@loader_path/Frameworks",
				);
				MARKETING_VERSION = 5.2.1;
				ONLY_ACTIVE_ARCH = YES;
				PRODUCT_BUNDLE_IDENTIFIER = com.yummypets.YPImagePicker;
				PRODUCT_NAME = "$(TARGET_NAME)";
				PROVISIONING_PROFILE_SPECIFIER = "";
				SKIP_INSTALL = YES;
				SUPPORTS_MACCATALYST = NO;
				SWIFT_OPTIMIZATION_LEVEL = "-Onone";
				SWIFT_VERSION = 5.0;
			};
			name = Debug;
		};
		52412A9D1CA6114A0073C4BE /* Release */ = {
			isa = XCBuildConfiguration;
			buildSettings = {
				CLANG_ENABLE_MODULES = YES;
				CODE_SIGN_IDENTITY = "";
				"CODE_SIGN_IDENTITY[sdk=iphoneos*]" = "";
				CODE_SIGN_STYLE = Manual;
				DEFINES_MODULE = YES;
				DEVELOPMENT_TEAM = "";
				DYLIB_COMPATIBILITY_VERSION = 1;
				DYLIB_CURRENT_VERSION = 1;
				DYLIB_INSTALL_NAME_BASE = "@rpath";
				FRAMEWORK_SEARCH_PATHS = (
					"$(PROJECT_DIR)/Resources",
					"$(PROJECT_DIR)/Source",
					"$(inherited)",
				);
				INFOPLIST_FILE = Source/Info.plist;
				INSTALL_PATH = "$(LOCAL_LIBRARY_DIR)/Frameworks";
				IPHONEOS_DEPLOYMENT_TARGET = 12.0;
				LD_RUNPATH_SEARCH_PATHS = (
					"$(inherited)",
					"@executable_path/Frameworks",
					"@loader_path/Frameworks",
				);
				MARKETING_VERSION = 5.2.1;
				ONLY_ACTIVE_ARCH = NO;
				PRODUCT_BUNDLE_IDENTIFIER = com.yummypets.YPImagePicker;
				PRODUCT_NAME = "$(TARGET_NAME)";
				PROVISIONING_PROFILE_SPECIFIER = "";
				SKIP_INSTALL = YES;
				SUPPORTS_MACCATALYST = NO;
				SWIFT_VERSION = 5.0;
			};
			name = Release;
		};
		EBA37B6126F749C7005DAAD4 /* Debug */ = {
			isa = XCBuildConfiguration;
			baseConfigurationReference = 1CF8B597BBC32060C9FA476A /* Pods-Example.debug.xcconfig */;
			buildSettings = {
				ASSETCATALOG_COMPILER_APPICON_NAME = AppIcon;
				ASSETCATALOG_COMPILER_GLOBAL_ACCENT_COLOR_NAME = AccentColor;
				CLANG_ANALYZER_NUMBER_OBJECT_CONVERSION = YES_AGGRESSIVE;
				CLANG_CXX_LANGUAGE_STANDARD = "gnu++14";
				CLANG_ENABLE_OBJC_WEAK = YES;
				CLANG_WARN_DOCUMENTATION_COMMENTS = YES;
				CLANG_WARN_UNGUARDED_AVAILABILITY = YES_AGGRESSIVE;
				CODE_SIGN_STYLE = Automatic;
				DEVELOPMENT_TEAM = B3U3XRF8D7;
				GCC_C_LANGUAGE_STANDARD = gnu11;
				INFOPLIST_FILE = Example/Info.plist;
				IPHONEOS_DEPLOYMENT_TARGET = 12.0;
				LD_RUNPATH_SEARCH_PATHS = (
					"$(inherited)",
					"@executable_path/Frameworks",
				);
				MTL_ENABLE_DEBUG_INFO = INCLUDE_SOURCE;
				MTL_FAST_MATH = YES;
				PRODUCT_BUNDLE_IDENTIFIER = com.yummypets.YPIPExample;
				PRODUCT_NAME = "$(TARGET_NAME)";
				SWIFT_ACTIVE_COMPILATION_CONDITIONS = DEBUG;
				SWIFT_VERSION = 5.0;
				TARGETED_DEVICE_FAMILY = "1,2";
				TVOS_DEPLOYMENT_TARGET = 12.0;
			};
			name = Debug;
		};
		EBA37B6226F749C7005DAAD4 /* Release */ = {
			isa = XCBuildConfiguration;
			baseConfigurationReference = BEED427CB4F6E5B8C20B6F13 /* Pods-Example.release.xcconfig */;
			buildSettings = {
				ASSETCATALOG_COMPILER_APPICON_NAME = AppIcon;
				ASSETCATALOG_COMPILER_GLOBAL_ACCENT_COLOR_NAME = AccentColor;
				CLANG_ANALYZER_NUMBER_OBJECT_CONVERSION = YES_AGGRESSIVE;
				CLANG_CXX_LANGUAGE_STANDARD = "gnu++14";
				CLANG_ENABLE_OBJC_WEAK = YES;
				CLANG_WARN_DOCUMENTATION_COMMENTS = YES;
				CLANG_WARN_UNGUARDED_AVAILABILITY = YES_AGGRESSIVE;
				CODE_SIGN_STYLE = Automatic;
				DEVELOPMENT_TEAM = B3U3XRF8D7;
				GCC_C_LANGUAGE_STANDARD = gnu11;
				INFOPLIST_FILE = Example/Info.plist;
				IPHONEOS_DEPLOYMENT_TARGET = 12.0;
				LD_RUNPATH_SEARCH_PATHS = (
					"$(inherited)",
					"@executable_path/Frameworks",
				);
				MTL_FAST_MATH = YES;
				PRODUCT_BUNDLE_IDENTIFIER = com.yummypets.YPIPExample;
				PRODUCT_NAME = "$(TARGET_NAME)";
				SWIFT_VERSION = 5.0;
				TARGETED_DEVICE_FAMILY = "1,2";
				TVOS_DEPLOYMENT_TARGET = 12.0;
			};
			name = Release;
		};
/* End XCBuildConfiguration section */

/* Begin XCConfigurationList section */
		52412A8D1CA6114A0073C4BE /* Build configuration list for PBXProject "YPImagePicker" */ = {
			isa = XCConfigurationList;
			buildConfigurations = (
				52412A991CA6114A0073C4BE /* Debug */,
				52412A9A1CA6114A0073C4BE /* Release */,
			);
			defaultConfigurationIsVisible = 0;
			defaultConfigurationName = Release;
		};
		52412A9B1CA6114A0073C4BE /* Build configuration list for PBXNativeTarget "YPImagePicker" */ = {
			isa = XCConfigurationList;
			buildConfigurations = (
				52412A9C1CA6114A0073C4BE /* Debug */,
				52412A9D1CA6114A0073C4BE /* Release */,
			);
			defaultConfigurationIsVisible = 0;
			defaultConfigurationName = Release;
		};
		EBA37B6026F749C7005DAAD4 /* Build configuration list for PBXNativeTarget "Example" */ = {
			isa = XCConfigurationList;
			buildConfigurations = (
				EBA37B6126F749C7005DAAD4 /* Debug */,
				EBA37B6226F749C7005DAAD4 /* Release */,
			);
			defaultConfigurationIsVisible = 0;
			defaultConfigurationName = Release;
		};
/* End XCConfigurationList section */

/* Begin XCRemoteSwiftPackageReference section */
		EBA37BCB26F75BCC005DAAD4 /* XCRemoteSwiftPackageReference "Stevia" */ = {
			isa = XCRemoteSwiftPackageReference;
			repositoryURL = "https://github.com/freshOS/Stevia";
			requirement = {
				kind = exactVersion;
				version = 5.1.2;
			};
		};
		EBA37BCE26F75C67005DAAD4 /* XCRemoteSwiftPackageReference "PryntTrimmerView" */ = {
			isa = XCRemoteSwiftPackageReference;
			repositoryURL = "https://github.com/HHK1/PryntTrimmerView";
			requirement = {
				kind = exactVersion;
				version = 4.0.2;
			};
		};
/* End XCRemoteSwiftPackageReference section */

/* Begin XCSwiftPackageProductDependency section */
		98C545272AB99E9D00A4D486 /* Stevia */ = {
			isa = XCSwiftPackageProductDependency;
			package = EBA37BCB26F75BCC005DAAD4 /* XCRemoteSwiftPackageReference "Stevia" */;
			productName = Stevia;
		};
		98C545292AB99EB200A4D486 /* PryntTrimmerView */ = {
			isa = XCSwiftPackageProductDependency;
			package = EBA37BCE26F75C67005DAAD4 /* XCRemoteSwiftPackageReference "PryntTrimmerView" */;
			productName = PryntTrimmerView;
		};
		EBA37BCC26F75BCC005DAAD4 /* Stevia */ = {
			isa = XCSwiftPackageProductDependency;
			package = EBA37BCB26F75BCC005DAAD4 /* XCRemoteSwiftPackageReference "Stevia" */;
			productName = Stevia;
		};
		EBA37BCF26F75C67005DAAD4 /* PryntTrimmerView */ = {
			isa = XCSwiftPackageProductDependency;
			package = EBA37BCE26F75C67005DAAD4 /* XCRemoteSwiftPackageReference "PryntTrimmerView" */;
			productName = PryntTrimmerView;
		};
/* End XCSwiftPackageProductDependency section */
	};
	rootObject = 52412A8A1CA6114A0073C4BE /* Project object */;
}
